// !$*UTF8*$!
{
	archiveVersion = 1;
	classes = {
	};
	objectVersion = 46;
	objects = {

/* Begin PBXBuildFile section */
		60554E2F12428FEE0071A103 /* libz.dylib in Frameworks */ = {isa = PBXBuildFile; fileRef = 60554E2E12428FED0071A103 /* libz.dylib */; };
		60554E4A124291B20071A103 /* Ticket.m in Sources */ = {isa = PBXBuildFile; fileRef = 60554E49124291B20071A103 /* Ticket.m */; };
		60554EBE124368B40071A103 /* LighthouseEntity.m in Sources */ = {isa = PBXBuildFile; fileRef = 60554EBD124368B40071A103 /* LighthouseEntity.m */; };
		607F5F7512427E51003BC2E8 /* Cocoa.framework in Frameworks */ = {isa = PBXBuildFile; fileRef = 607F5F7412427E51003BC2E8 /* Cocoa.framework */; };
		607F5F7A12427E51003BC2E8 /* InfoPlist.strings in Resources */ = {isa = PBXBuildFile; fileRef = 607F5F7812427E51003BC2E8 /* InfoPlist.strings */; };
		607F5F7C12427E51003BC2E8 /* main.m in Sources */ = {isa = PBXBuildFile; fileRef = 607F5F7B12427E51003BC2E8 /* main.m */; };
		607F5F7F12427E51003BC2E8 /* MainMenu.xib in Resources */ = {isa = PBXBuildFile; fileRef = 607F5F7D12427E51003BC2E8 /* MainMenu.xib */; };
		607F5F8212427E51003BC2E8 /* Credits.rtf in Resources */ = {isa = PBXBuildFile; fileRef = 607F5F8012427E51003BC2E8 /* Credits.rtf */; };
		607F5F8512427E51003BC2E8 /* TickifierAppDelegate.m in Sources */ = {isa = PBXBuildFile; fileRef = 607F5F8412427E51003BC2E8 /* TickifierAppDelegate.m */; };
		607F5F97124281BE003BC2E8 /* IDEAS in Resources */ = {isa = PBXBuildFile; fileRef = 607F5F96124281BE003BC2E8 /* IDEAS */; };
		607F5F9A12428390003BC2E8 /* LighthouseController.m in Sources */ = {isa = PBXBuildFile; fileRef = 607F5F9912428390003BC2E8 /* LighthouseController.m */; };
		607F5FDA12428816003BC2E8 /* Security.framework in Frameworks */ = {isa = PBXBuildFile; fileRef = 607F5FD912428816003BC2E8 /* Security.framework */; };
		607F5FDD12428852003BC2E8 /* SystemConfiguration.framework in Frameworks */ = {isa = PBXBuildFile; fileRef = 607F5FDC12428852003BC2E8 /* SystemConfiguration.framework */; };
		607F5FF512428F07003BC2E8 /* Seriously.m in Sources */ = {isa = PBXBuildFile; fileRef = 607F5FF112428F07003BC2E8 /* Seriously.m */; };
		607F5FF612428F07003BC2E8 /* SeriouslyOperation.m in Sources */ = {isa = PBXBuildFile; fileRef = 607F5FF412428F07003BC2E8 /* SeriouslyOperation.m */; };
		609661FA12466BE4006C7E28 /* PTHotKey.m in Sources */ = {isa = PBXBuildFile; fileRef = 609661F312466BE4006C7E28 /* PTHotKey.m */; };
		609661FB12466BE4006C7E28 /* PTHotKeyCenter.m in Sources */ = {isa = PBXBuildFile; fileRef = 609661F512466BE4006C7E28 /* PTHotKeyCenter.m */; };
		609661FC12466BE4006C7E28 /* PTKeyCodeTranslator.m in Sources */ = {isa = PBXBuildFile; fileRef = 609661F712466BE4006C7E28 /* PTKeyCodeTranslator.m */; };
		609661FD12466BE4006C7E28 /* PTKeyCombo.m in Sources */ = {isa = PBXBuildFile; fileRef = 609661F912466BE4006C7E28 /* PTKeyCombo.m */; };
		6096620D12466CA0006C7E28 /* Carbon.framework in Frameworks */ = {isa = PBXBuildFile; fileRef = 6096620C12466CA0006C7E28 /* Carbon.framework */; };
		6096620F12466CA0006C7E28 /* CoreServices.framework in Frameworks */ = {isa = PBXBuildFile; fileRef = 6096620E12466CA0006C7E28 /* CoreServices.framework */; };
		609662FD12468302006C7E28 /* AppViewController.m in Sources */ = {isa = PBXBuildFile; fileRef = 609662FC12468302006C7E28 /* AppViewController.m */; };
		60998033124BCC43006AA575 /* ShortcutRecorder.framework in Frameworks */ = {isa = PBXBuildFile; fileRef = 6099801E124BCC1B006AA575 /* ShortcutRecorder.framework */; };
		6099805E124BD51E006AA575 /* tab.png in Resources */ = {isa = PBXBuildFile; fileRef = 6099805D124BD51E006AA575 /* tab.png */; };
/* End PBXBuildFile section */

/* Begin PBXContainerItemProxy section */
		6099801D124BCC1B006AA575 /* PBXContainerItemProxy */ = {
			isa = PBXContainerItemProxy;
			containerPortal = 60998011124BCC1B006AA575 /* ShortcutRecorder.xcodeproj */;
			proxyType = 2;
			remoteGlobalIDString = 939837800DA42965007F53F3;
			remoteInfo = "ShortcutRecorder.framework - with embedded ibplugin";
		};
		6099801F124BCC1B006AA575 /* PBXContainerItemProxy */ = {
			isa = PBXContainerItemProxy;
			containerPortal = 60998011124BCC1B006AA575 /* ShortcutRecorder.xcodeproj */;
			proxyType = 2;
			remoteGlobalIDString = 939838A50DA4300F007F53F3;
			remoteInfo = "ShortcutRecorder.ibplugin - for embedding in framework";
		};
		60998021124BCC1B006AA575 /* PBXContainerItemProxy */ = {
			isa = PBXContainerItemProxy;
			containerPortal = 60998011124BCC1B006AA575 /* ShortcutRecorder.xcodeproj */;
			proxyType = 2;
			remoteGlobalIDString = 93983B220DA43C4E007F53F3;
			remoteInfo = ShortcutRecorderFramework_Tester;
		};
		60998023124BCC1B006AA575 /* PBXContainerItemProxy */ = {
			isa = PBXContainerItemProxy;
			containerPortal = 60998011124BCC1B006AA575 /* ShortcutRecorder.xcodeproj */;
			proxyType = 2;
			remoteGlobalIDString = 342E00CF109CCBF5009AD8CA;
			remoteInfo = "ShortcutRecorder.ibplugin - standalone";
		};
		60998025124BCC1B006AA575 /* PBXContainerItemProxy */ = {
			isa = PBXContainerItemProxy;
			containerPortal = 60998011124BCC1B006AA575 /* ShortcutRecorder.xcodeproj */;
			proxyType = 2;
			remoteGlobalIDString = 342E0104109CCC36009AD8CA;
			remoteInfo = "ShortcutRecorder.framework - for embedding in ibplugin";
		};
		60998041124BCCF9006AA575 /* PBXContainerItemProxy */ = {
			isa = PBXContainerItemProxy;
			containerPortal = 60998011124BCC1B006AA575 /* ShortcutRecorder.xcodeproj */;
			proxyType = 1;
			remoteGlobalIDString = 9398377F0DA42965007F53F3;
			remoteInfo = "ShortcutRecorder.framework - with embedded ibplugin";
		};
/* End PBXContainerItemProxy section */

/* Begin PBXCopyFilesBuildPhase section */
		607F5FE712428BBB003BC2E8 /* Move Frameworks */ = {
			isa = PBXCopyFilesBuildPhase;
			buildActionMask = 2147483647;
			dstPath = "";
			dstSubfolderSpec = 10;
			files = (
			);
			name = "Move Frameworks";
			runOnlyForDeploymentPostprocessing = 0;
		};
/* End PBXCopyFilesBuildPhase section */

/* Begin PBXFileReference section */
		60554E2E12428FED0071A103 /* libz.dylib */ = {isa = PBXFileReference; lastKnownFileType = "compiled.mach-o.dylib"; name = libz.dylib; path = usr/lib/libz.dylib; sourceTree = SDKROOT; };
		60554E48124291B20071A103 /* Ticket.h */ = {isa = PBXFileReference; fileEncoding = 4; lastKnownFileType = sourcecode.c.h; path = Ticket.h; sourceTree = "<group>"; };
		60554E49124291B20071A103 /* Ticket.m */ = {isa = PBXFileReference; fileEncoding = 4; lastKnownFileType = sourcecode.c.objc; path = Ticket.m; sourceTree = "<group>"; };
		60554EBC124368B40071A103 /* LighthouseEntity.h */ = {isa = PBXFileReference; fileEncoding = 4; lastKnownFileType = sourcecode.c.h; path = LighthouseEntity.h; sourceTree = "<group>"; };
		60554EBD124368B40071A103 /* LighthouseEntity.m */ = {isa = PBXFileReference; fileEncoding = 4; lastKnownFileType = sourcecode.c.objc; path = LighthouseEntity.m; sourceTree = "<group>"; };
		607F5F7112427E51003BC2E8 /* Tickifier.app */ = {isa = PBXFileReference; explicitFileType = wrapper.application; includeInIndex = 0; path = Tickifier.app; sourceTree = BUILT_PRODUCTS_DIR; };
		607F5F7412427E51003BC2E8 /* Cocoa.framework */ = {isa = PBXFileReference; lastKnownFileType = wrapper.framework; name = Cocoa.framework; path = System/Library/Frameworks/Cocoa.framework; sourceTree = SDKROOT; };
		607F5F7612427E51003BC2E8 /* Tickifier-Info.plist */ = {isa = PBXFileReference; lastKnownFileType = text.plist.xml; path = "Tickifier-Info.plist"; sourceTree = "<group>"; };
		607F5F7712427E51003BC2E8 /* Tickifier_Prefix.pch */ = {isa = PBXFileReference; lastKnownFileType = sourcecode.c.h; path = Tickifier_Prefix.pch; sourceTree = "<group>"; };
		607F5F7912427E51003BC2E8 /* en */ = {isa = PBXFileReference; lastKnownFileType = text.plist.strings; name = en; path = en.lproj/InfoPlist.strings; sourceTree = "<group>"; };
		607F5F7B12427E51003BC2E8 /* main.m */ = {isa = PBXFileReference; lastKnownFileType = sourcecode.c.objc; path = main.m; sourceTree = "<group>"; };
		607F5F7E12427E51003BC2E8 /* en */ = {isa = PBXFileReference; lastKnownFileType = file.xib; name = en; path = en.lproj/MainMenu.xib; sourceTree = "<group>"; };
		607F5F8112427E51003BC2E8 /* en */ = {isa = PBXFileReference; lastKnownFileType = text.rtf; name = en; path = en.lproj/Credits.rtf; sourceTree = "<group>"; };
		607F5F8312427E51003BC2E8 /* TickifierAppDelegate.h */ = {isa = PBXFileReference; lastKnownFileType = sourcecode.c.h; path = TickifierAppDelegate.h; sourceTree = "<group>"; };
		607F5F8412427E51003BC2E8 /* TickifierAppDelegate.m */ = {isa = PBXFileReference; lastKnownFileType = sourcecode.c.objc; path = TickifierAppDelegate.m; sourceTree = "<group>"; };
		607F5F96124281BE003BC2E8 /* IDEAS */ = {isa = PBXFileReference; fileEncoding = 4; lastKnownFileType = text; path = IDEAS; sourceTree = "<group>"; };
		607F5F9812428390003BC2E8 /* LighthouseController.h */ = {isa = PBXFileReference; fileEncoding = 4; lastKnownFileType = sourcecode.c.h; name = LighthouseController.h; path = ../../LighthouseController.h; sourceTree = "<group>"; };
		607F5F9912428390003BC2E8 /* LighthouseController.m */ = {isa = PBXFileReference; fileEncoding = 4; lastKnownFileType = sourcecode.c.objc; name = LighthouseController.m; path = ../../LighthouseController.m; sourceTree = "<group>"; };
		607F5FD912428816003BC2E8 /* Security.framework */ = {isa = PBXFileReference; lastKnownFileType = wrapper.framework; path = Security.framework; sourceTree = "<group>"; };
		607F5FDC12428852003BC2E8 /* SystemConfiguration.framework */ = {isa = PBXFileReference; lastKnownFileType = wrapper.framework; path = SystemConfiguration.framework; sourceTree = "<group>"; };
		607F5FF012428F07003BC2E8 /* Seriously.h */ = {isa = PBXFileReference; fileEncoding = 4; lastKnownFileType = sourcecode.c.h; path = Seriously.h; sourceTree = "<group>"; };
		607F5FF112428F07003BC2E8 /* Seriously.m */ = {isa = PBXFileReference; fileEncoding = 4; lastKnownFileType = sourcecode.c.objc; path = Seriously.m; sourceTree = "<group>"; };
		607F5FF212428F07003BC2E8 /* SeriouslyConstants.h */ = {isa = PBXFileReference; fileEncoding = 4; lastKnownFileType = sourcecode.c.h; path = SeriouslyConstants.h; sourceTree = "<group>"; };
		607F5FF312428F07003BC2E8 /* SeriouslyOperation.h */ = {isa = PBXFileReference; fileEncoding = 4; lastKnownFileType = sourcecode.c.h; path = SeriouslyOperation.h; sourceTree = "<group>"; };
		607F5FF412428F07003BC2E8 /* SeriouslyOperation.m */ = {isa = PBXFileReference; fileEncoding = 4; lastKnownFileType = sourcecode.c.objc; path = SeriouslyOperation.m; sourceTree = "<group>"; };
		609661F212466BE4006C7E28 /* PTHotKey.h */ = {isa = PBXFileReference; fileEncoding = 4; lastKnownFileType = sourcecode.c.h; path = PTHotKey.h; sourceTree = "<group>"; };
		609661F312466BE4006C7E28 /* PTHotKey.m */ = {isa = PBXFileReference; fileEncoding = 4; lastKnownFileType = sourcecode.c.objc; path = PTHotKey.m; sourceTree = "<group>"; };
		609661F412466BE4006C7E28 /* PTHotKeyCenter.h */ = {isa = PBXFileReference; fileEncoding = 4; lastKnownFileType = sourcecode.c.h; path = PTHotKeyCenter.h; sourceTree = "<group>"; };
		609661F512466BE4006C7E28 /* PTHotKeyCenter.m */ = {isa = PBXFileReference; fileEncoding = 4; lastKnownFileType = sourcecode.c.objc; path = PTHotKeyCenter.m; sourceTree = "<group>"; };
		609661F612466BE4006C7E28 /* PTKeyCodeTranslator.h */ = {isa = PBXFileReference; fileEncoding = 4; lastKnownFileType = sourcecode.c.h; path = PTKeyCodeTranslator.h; sourceTree = "<group>"; };
		609661F712466BE4006C7E28 /* PTKeyCodeTranslator.m */ = {isa = PBXFileReference; fileEncoding = 4; lastKnownFileType = sourcecode.c.objc; path = PTKeyCodeTranslator.m; sourceTree = "<group>"; };
		609661F812466BE4006C7E28 /* PTKeyCombo.h */ = {isa = PBXFileReference; fileEncoding = 4; lastKnownFileType = sourcecode.c.h; path = PTKeyCombo.h; sourceTree = "<group>"; };
		609661F912466BE4006C7E28 /* PTKeyCombo.m */ = {isa = PBXFileReference; fileEncoding = 4; lastKnownFileType = sourcecode.c.objc; path = PTKeyCombo.m; sourceTree = "<group>"; };
		6096620C12466CA0006C7E28 /* Carbon.framework */ = {isa = PBXFileReference; lastKnownFileType = wrapper.framework; name = Carbon.framework; path = System/Library/Frameworks/Carbon.framework; sourceTree = SDKROOT; };
		6096620E12466CA0006C7E28 /* CoreServices.framework */ = {isa = PBXFileReference; lastKnownFileType = wrapper.framework; name = CoreServices.framework; path = System/Library/Frameworks/CoreServices.framework; sourceTree = SDKROOT; };
		609662FB12468302006C7E28 /* AppViewController.h */ = {isa = PBXFileReference; fileEncoding = 4; lastKnownFileType = sourcecode.c.h; name = AppViewController.h; path = ../AppViewController.h; sourceTree = "<group>"; };
		609662FC12468302006C7E28 /* AppViewController.m */ = {isa = PBXFileReference; fileEncoding = 4; lastKnownFileType = sourcecode.c.objc; name = AppViewController.m; path = ../AppViewController.m; sourceTree = "<group>"; };
		60998011124BCC1B006AA575 /* ShortcutRecorder.xcodeproj */ = {isa = PBXFileReference; lastKnownFileType = "wrapper.pb-project"; name = ShortcutRecorder.xcodeproj; path = ../3rdparty/shortcutrecorder/ShortcutRecorder.xcodeproj; sourceTree = SOURCE_ROOT; };
		6099805D124BD51E006AA575 /* tab.png */ = {isa = PBXFileReference; lastKnownFileType = image.png; path = tab.png; sourceTree = "<group>"; };
/* End PBXFileReference section */

/* Begin PBXFrameworksBuildPhase section */
		607F5F6E12427E51003BC2E8 /* Frameworks */ = {
			isa = PBXFrameworksBuildPhase;
			buildActionMask = 2147483647;
			files = (
				60998033124BCC43006AA575 /* ShortcutRecorder.framework in Frameworks */,
				607F5FDD12428852003BC2E8 /* SystemConfiguration.framework in Frameworks */,
				607F5FDA12428816003BC2E8 /* Security.framework in Frameworks */,
				607F5F7512427E51003BC2E8 /* Cocoa.framework in Frameworks */,
				60554E2F12428FEE0071A103 /* libz.dylib in Frameworks */,
				6096620D12466CA0006C7E28 /* Carbon.framework in Frameworks */,
				6096620F12466CA0006C7E28 /* CoreServices.framework in Frameworks */,
			);
			runOnlyForDeploymentPostprocessing = 0;
		};
/* End PBXFrameworksBuildPhase section */

/* Begin PBXGroup section */
		60554E4B124291B50071A103 /* Models */ = {
			isa = PBXGroup;
			children = (
				60554E48124291B20071A103 /* Ticket.h */,
				60554E49124291B20071A103 /* Ticket.m */,
				60554EBC124368B40071A103 /* LighthouseEntity.h */,
				60554EBD124368B40071A103 /* LighthouseEntity.m */,
			);
			path = Models;
			sourceTree = "<group>";
		};
		60554E64124291E90071A103 /* Controllers */ = {
			isa = PBXGroup;
			children = (
				609662FB12468302006C7E28 /* AppViewController.h */,
				609662FC12468302006C7E28 /* AppViewController.m */,
				607F5F9912428390003BC2E8 /* LighthouseController.m */,
				607F5F9812428390003BC2E8 /* LighthouseController.h */,
			);
			path = Controllers;
			sourceTree = "<group>";
		};
		607F5F6212427E50003BC2E8 = {
			isa = PBXGroup;
			children = (
				60998011124BCC1B006AA575 /* ShortcutRecorder.xcodeproj */,
				607F5F6912427E51003BC2E8 /* Classes */,
				607F5F6A12427E51003BC2E8 /* Other Sources */,
				607F5F6B12427E51003BC2E8 /* Resources */,
				607F5F96124281BE003BC2E8 /* IDEAS */,
				607F5F6C12427E51003BC2E8 /* Frameworks */,
				607F5F7212427E51003BC2E8 /* Products */,
				6096620C12466CA0006C7E28 /* Carbon.framework */,
				6096620E12466CA0006C7E28 /* CoreServices.framework */,
			);
			sourceTree = "<group>";
		};
		607F5F6912427E51003BC2E8 /* Classes */ = {
			isa = PBXGroup;
			children = (
				607F5F8312427E51003BC2E8 /* TickifierAppDelegate.h */,
				607F5F8412427E51003BC2E8 /* TickifierAppDelegate.m */,
				60554E64124291E90071A103 /* Controllers */,
				60554E4B124291B50071A103 /* Models */,
			);
			path = Classes;
			sourceTree = "<group>";
		};
		607F5F6A12427E51003BC2E8 /* Other Sources */ = {
			isa = PBXGroup;
			children = (
				609661F112466BE4006C7E28 /* HotKey */,
				60966051124551D7006C7E28 /* Seriously */,
				607F5F7712427E51003BC2E8 /* Tickifier_Prefix.pch */,
				607F5F7B12427E51003BC2E8 /* main.m */,
			);
			name = "Other Sources";
			sourceTree = "<group>";
		};
		607F5F6B12427E51003BC2E8 /* Resources */ = {
			isa = PBXGroup;
			children = (
				6099805D124BD51E006AA575 /* tab.png */,
				607F5F7612427E51003BC2E8 /* Tickifier-Info.plist */,
				607F5F7812427E51003BC2E8 /* InfoPlist.strings */,
				607F5F7D12427E51003BC2E8 /* MainMenu.xib */,
				607F5F8012427E51003BC2E8 /* Credits.rtf */,
			);
			name = Resources;
			sourceTree = "<group>";
		};
		607F5F6C12427E51003BC2E8 /* Frameworks */ = {
			isa = PBXGroup;
			children = (
				607F5FDC12428852003BC2E8 /* SystemConfiguration.framework */,
				607F5FD912428816003BC2E8 /* Security.framework */,
				60554E2E12428FED0071A103 /* libz.dylib */,
				607F5F7412427E51003BC2E8 /* Cocoa.framework */,
			);
			name = Frameworks;
			sourceTree = "<group>";
		};
		607F5F7212427E51003BC2E8 /* Products */ = {
			isa = PBXGroup;
			children = (
				607F5F7112427E51003BC2E8 /* Tickifier.app */,
			);
			name = Products;
			sourceTree = "<group>";
		};
		60966051124551D7006C7E28 /* Seriously */ = {
			isa = PBXGroup;
			children = (
				607F5FF012428F07003BC2E8 /* Seriously.h */,
				607F5FF112428F07003BC2E8 /* Seriously.m */,
				607F5FF212428F07003BC2E8 /* SeriouslyConstants.h */,
				607F5FF312428F07003BC2E8 /* SeriouslyOperation.h */,
				607F5FF412428F07003BC2E8 /* SeriouslyOperation.m */,
			);
			name = Seriously;
			sourceTree = "<group>";
		};
		609661F112466BE4006C7E28 /* HotKey */ = {
			isa = PBXGroup;
			children = (
				609661F212466BE4006C7E28 /* PTHotKey.h */,
				609661F312466BE4006C7E28 /* PTHotKey.m */,
				609661F412466BE4006C7E28 /* PTHotKeyCenter.h */,
				609661F512466BE4006C7E28 /* PTHotKeyCenter.m */,
				609661F612466BE4006C7E28 /* PTKeyCodeTranslator.h */,
				609661F712466BE4006C7E28 /* PTKeyCodeTranslator.m */,
				609661F812466BE4006C7E28 /* PTKeyCombo.h */,
				609661F912466BE4006C7E28 /* PTKeyCombo.m */,
			);
			path = HotKey;
			sourceTree = "<group>";
		};
		60998012124BCC1B006AA575 /* Products */ = {
			isa = PBXGroup;
			children = (
				6099801E124BCC1B006AA575 /* ShortcutRecorder.framework */,
				60998020124BCC1B006AA575 /* ShortcutRecorder.ibplugin */,
				60998022124BCC1B006AA575 /* ShortcutRecorder.app */,
				60998024124BCC1B006AA575 /* ShortcutRecorder.ibplugin */,
				60998026124BCC1B006AA575 /* ShortcutRecorder.framework */,
			);
			name = Products;
			sourceTree = "<group>";
		};
/* End PBXGroup section */

/* Begin PBXNativeTarget section */
		607F5F7012427E51003BC2E8 /* Tickifier */ = {
			isa = PBXNativeTarget;
			buildConfigurationList = 607F5F8812427E51003BC2E8 /* Build configuration list for PBXNativeTarget "Tickifier" */;
			buildPhases = (
				607F5F6D12427E51003BC2E8 /* Sources */,
				607F5F6E12427E51003BC2E8 /* Frameworks */,
				607F5F6F12427E51003BC2E8 /* Resources */,
				607F5FE712428BBB003BC2E8 /* Move Frameworks */,
			);
			buildRules = (
			);
			dependencies = (
				60998042124BCCF9006AA575 /* PBXTargetDependency */,
			);
			name = Tickifier;
			productName = Tickifier;
			productReference = 607F5F7112427E51003BC2E8 /* Tickifier.app */;
			productType = "com.apple.product-type.application";
		};
/* End PBXNativeTarget section */

/* Begin PBXProject section */
		607F5F6412427E50003BC2E8 /* Project object */ = {
			isa = PBXProject;
			attributes = {
				ORGANIZATIONNAME = "http://www.ortatherox.com";
			};
			buildConfigurationList = 607F5F6712427E50003BC2E8 /* Build configuration list for PBXProject "Tickifier" */;
			compatibilityVersion = "Xcode 3.2";
			developmentRegion = English;
			hasScannedForEncodings = 0;
			knownRegions = (
				en,
			);
			mainGroup = 607F5F6212427E50003BC2E8;
			productRefGroup = 607F5F7212427E51003BC2E8 /* Products */;
			projectDirPath = "";
			projectReferences = (
				{
					ProductGroup = 60998012124BCC1B006AA575 /* Products */;
					ProjectRef = 60998011124BCC1B006AA575 /* ShortcutRecorder.xcodeproj */;
				},
			);
			projectRoot = "";
			targets = (
				607F5F7012427E51003BC2E8 /* Tickifier */,
			);
		};
/* End PBXProject section */

/* Begin PBXReferenceProxy section */
		6099801E124BCC1B006AA575 /* ShortcutRecorder.framework */ = {
			isa = PBXReferenceProxy;
			fileType = wrapper.framework;
			path = ShortcutRecorder.framework;
			remoteRef = 6099801D124BCC1B006AA575 /* PBXContainerItemProxy */;
			sourceTree = BUILT_PRODUCTS_DIR;
		};
		60998020124BCC1B006AA575 /* ShortcutRecorder.ibplugin */ = {
			isa = PBXReferenceProxy;
			fileType = wrapper.cfbundle;
			path = ShortcutRecorder.ibplugin;
			remoteRef = 6099801F124BCC1B006AA575 /* PBXContainerItemProxy */;
			sourceTree = BUILT_PRODUCTS_DIR;
		};
		60998022124BCC1B006AA575 /* ShortcutRecorder.app */ = {
			isa = PBXReferenceProxy;
			fileType = wrapper.application;
			path = ShortcutRecorder.app;
			remoteRef = 60998021124BCC1B006AA575 /* PBXContainerItemProxy */;
			sourceTree = BUILT_PRODUCTS_DIR;
		};
		60998024124BCC1B006AA575 /* ShortcutRecorder.ibplugin */ = {
			isa = PBXReferenceProxy;
			fileType = wrapper.cfbundle;
			path = ShortcutRecorder.ibplugin;
			remoteRef = 60998023124BCC1B006AA575 /* PBXContainerItemProxy */;
			sourceTree = BUILT_PRODUCTS_DIR;
		};
		60998026124BCC1B006AA575 /* ShortcutRecorder.framework */ = {
			isa = PBXReferenceProxy;
			fileType = wrapper.framework;
			path = ShortcutRecorder.framework;
			remoteRef = 60998025124BCC1B006AA575 /* PBXContainerItemProxy */;
			sourceTree = BUILT_PRODUCTS_DIR;
		};
/* End PBXReferenceProxy section */

/* Begin PBXResourcesBuildPhase section */
		607F5F6F12427E51003BC2E8 /* Resources */ = {
			isa = PBXResourcesBuildPhase;
			buildActionMask = 2147483647;
			files = (
				607F5F7A12427E51003BC2E8 /* InfoPlist.strings in Resources */,
				607F5F7F12427E51003BC2E8 /* MainMenu.xib in Resources */,
				607F5F8212427E51003BC2E8 /* Credits.rtf in Resources */,
				607F5F97124281BE003BC2E8 /* IDEAS in Resources */,
				6099805E124BD51E006AA575 /* tab.png in Resources */,
			);
			runOnlyForDeploymentPostprocessing = 0;
		};
/* End PBXResourcesBuildPhase section */

/* Begin PBXSourcesBuildPhase section */
		607F5F6D12427E51003BC2E8 /* Sources */ = {
			isa = PBXSourcesBuildPhase;
			buildActionMask = 2147483647;
			files = (
				607F5F7C12427E51003BC2E8 /* main.m in Sources */,
				607F5F8512427E51003BC2E8 /* TickifierAppDelegate.m in Sources */,
				607F5F9A12428390003BC2E8 /* LighthouseController.m in Sources */,
				607F5FF512428F07003BC2E8 /* Seriously.m in Sources */,
				607F5FF612428F07003BC2E8 /* SeriouslyOperation.m in Sources */,
				60554E4A124291B20071A103 /* Ticket.m in Sources */,
				60554EBE124368B40071A103 /* LighthouseEntity.m in Sources */,
				609661FA12466BE4006C7E28 /* PTHotKey.m in Sources */,
				609661FB12466BE4006C7E28 /* PTHotKeyCenter.m in Sources */,
				609661FC12466BE4006C7E28 /* PTKeyCodeTranslator.m in Sources */,
				609661FD12466BE4006C7E28 /* PTKeyCombo.m in Sources */,
				609662FD12468302006C7E28 /* AppViewController.m in Sources */,
			);
			runOnlyForDeploymentPostprocessing = 0;
		};
/* End PBXSourcesBuildPhase section */

/* Begin PBXTargetDependency section */
		60998042124BCCF9006AA575 /* PBXTargetDependency */ = {
			isa = PBXTargetDependency;
			name = "ShortcutRecorder.framework - with embedded ibplugin";
			targetProxy = 60998041124BCCF9006AA575 /* PBXContainerItemProxy */;
		};
/* End PBXTargetDependency section */

/* Begin PBXVariantGroup section */
		607F5F7812427E51003BC2E8 /* InfoPlist.strings */ = {
			isa = PBXVariantGroup;
			children = (
				607F5F7912427E51003BC2E8 /* en */,
			);
			name = InfoPlist.strings;
			sourceTree = "<group>";
		};
		607F5F7D12427E51003BC2E8 /* MainMenu.xib */ = {
			isa = PBXVariantGroup;
			children = (
				607F5F7E12427E51003BC2E8 /* en */,
			);
			name = MainMenu.xib;
			sourceTree = "<group>";
		};
		607F5F8012427E51003BC2E8 /* Credits.rtf */ = {
			isa = PBXVariantGroup;
			children = (
				607F5F8112427E51003BC2E8 /* en */,
			);
			name = Credits.rtf;
			sourceTree = "<group>";
		};
/* End PBXVariantGroup section */

/* Begin XCBuildConfiguration section */
		607F5F8612427E51003BC2E8 /* Debug */ = {
			isa = XCBuildConfiguration;
			buildSettings = {
				ARCHS = "$(ARCHS_STANDARD_32_64_BIT)";
				GCC_C_LANGUAGE_STANDARD = gnu99;
				GCC_ENABLE_OBJC_GC = required;
				GCC_OPTIMIZATION_LEVEL = 0;
				GCC_PREPROCESSOR_DEFINITIONS = DEBUG;
				GCC_VERSION = com.apple.compilers.llvm.clang.1_0;
				GCC_WARN_ABOUT_RETURN_TYPE = YES;
				GCC_WARN_UNUSED_VARIABLE = YES;
				MACOSX_DEPLOYMENT_TARGET = 10.6;
				ONLY_ACTIVE_ARCH = YES;
				PREBINDING = NO;
				SDKROOT = macosx10.6;
			};
			name = Debug;
		};
		607F5F8712427E51003BC2E8 /* Release */ = {
			isa = XCBuildConfiguration;
			buildSettings = {
				ARCHS = "$(ARCHS_STANDARD_32_64_BIT)";
				GCC_C_LANGUAGE_STANDARD = gnu99;
				GCC_ENABLE_OBJC_GC = required;
				GCC_VERSION = com.apple.compilers.llvm.clang.1_0;
				GCC_WARN_ABOUT_RETURN_TYPE = YES;
				GCC_WARN_UNUSED_VARIABLE = YES;
				MACOSX_DEPLOYMENT_TARGET = 10.6;
				PREBINDING = NO;
				SDKROOT = macosx10.6;
			};
			name = Release;
		};
		607F5F8912427E51003BC2E8 /* Debug */ = {
			isa = XCBuildConfiguration;
			buildSettings = {
				ALWAYS_SEARCH_USER_PATHS = NO;
				COPY_PHASE_STRIP = NO;
				FRAMEWORK_SEARCH_PATHS = (
					"$(inherited)",
					"\"$(SRCROOT)\"",
				);
				GCC_DYNAMIC_NO_PIC = NO;
				GCC_ENABLE_OBJC_EXCEPTIONS = YES;
				GCC_MODEL_TUNING = G5;
				GCC_PRECOMPILE_PREFIX_HEADER = YES;
				GCC_PREFIX_HEADER = Tickifier_Prefix.pch;
				INFOPLIST_FILE = "Tickifier-Info.plist";
				INSTALL_PATH = "$(HOME)/Applications";
				LIBRARY_SEARCH_PATHS = (
					"$(inherited)",
					"\"$(SRCROOT)\"",
				);
				PRODUCT_NAME = Tickifier;
				WRAPPER_EXTENSION = app;
			};
			name = Debug;
		};
		607F5F8A12427E51003BC2E8 /* Release */ = {
			isa = XCBuildConfiguration;
			buildSettings = {
				ALWAYS_SEARCH_USER_PATHS = NO;
				COPY_PHASE_STRIP = YES;
				DEBUG_INFORMATION_FORMAT = "dwarf-with-dsym";
				FRAMEWORK_SEARCH_PATHS = (
					"$(inherited)",
					"\"$(SRCROOT)\"",
				);
				GCC_ENABLE_OBJC_EXCEPTIONS = YES;
				GCC_MODEL_TUNING = G5;
				GCC_PRECOMPILE_PREFIX_HEADER = YES;
				GCC_PREFIX_HEADER = Tickifier_Prefix.pch;
				INFOPLIST_FILE = "Tickifier-Info.plist";
				INSTALL_PATH = "$(HOME)/Applications";
				LIBRARY_SEARCH_PATHS = (
					"$(inherited)",
					"\"$(SRCROOT)\"",
				);
				PRODUCT_NAME = Tickifier;
				WRAPPER_EXTENSION = app;
			};
			name = Release;
		};
/* End XCBuildConfiguration section */

/* Begin XCConfigurationList section */
		607F5F6712427E50003BC2E8 /* Build configuration list for PBXProject "Tickifier" */ = {
			isa = XCConfigurationList;
			buildConfigurations = (
				607F5F8612427E51003BC2E8 /* Debug */,
				607F5F8712427E51003BC2E8 /* Release */,
			);
			defaultConfigurationIsVisible = 0;
			defaultConfigurationName = Release;
		};
		607F5F8812427E51003BC2E8 /* Build configuration list for PBXNativeTarget "Tickifier" */ = {
			isa = XCConfigurationList;
			buildConfigurations = (
				607F5F8912427E51003BC2E8 /* Debug */,
				607F5F8A12427E51003BC2E8 /* Release */,
			);
			defaultConfigurationIsVisible = 0;
			defaultConfigurationName = Release;
		};
/* End XCConfigurationList section */
	};
	rootObject = 607F5F6412427E50003BC2E8 /* Project object */;
}
