// !$*UTF8*$!
{
	archiveVersion = 1;
	classes = {
	};
	objectVersion = 46;
	objects = {

/* Begin PBXBuildFile section */
		600FEDF812BE4ADD00043BE8 /* GitHubIssuesMixer.m in Sources */ = {isa = PBXBuildFile; fileRef = 600FEDF712BE4ADD00043BE8 /* GitHubIssuesMixer.m */; };
		600FEE5D12BE4BBA00043BE8 /* UAGithubEngine.m in Sources */ = {isa = PBXBuildFile; fileRef = 600FEE2912BE4BBA00043BE8 /* UAGithubEngine.m */; };
		600FEE5E12BE4BBA00043BE8 /* UAGithubURLConnection.m in Sources */ = {isa = PBXBuildFile; fileRef = 600FEE2D12BE4BBA00043BE8 /* UAGithubURLConnection.m */; };
		600FEE5F12BE4BBA00043BE8 /* NSData+Base64.m in Sources */ = {isa = PBXBuildFile; fileRef = 600FEE3012BE4BBA00043BE8 /* NSData+Base64.m */; };
		600FEE6012BE4BBA00043BE8 /* NSString+UAGithubEngineUtilities.m in Sources */ = {isa = PBXBuildFile; fileRef = 600FEE3212BE4BBA00043BE8 /* NSString+UAGithubEngineUtilities.m */; };
		600FEE6112BE4BBA00043BE8 /* NSString+UUID.m in Sources */ = {isa = PBXBuildFile; fileRef = 600FEE3412BE4BBA00043BE8 /* NSString+UUID.m */; };
		600FEE6212BE4BBA00043BE8 /* NSArray+Utilities.m in Sources */ = {isa = PBXBuildFile; fileRef = 600FEE3612BE4BBA00043BE8 /* NSArray+Utilities.m */; };
		600FEE6312BE4BBA00043BE8 /* CDataScanner.m in Sources */ = {isa = PBXBuildFile; fileRef = 600FEE3A12BE4BBA00043BE8 /* CDataScanner.m */; };
		600FEE6412BE4BBA00043BE8 /* CDataScanner_Extensions.m in Sources */ = {isa = PBXBuildFile; fileRef = 600FEE3D12BE4BBA00043BE8 /* CDataScanner_Extensions.m */; };
		600FEE6512BE4BBA00043BE8 /* NSCharacterSet_Extensions.m in Sources */ = {isa = PBXBuildFile; fileRef = 600FEE3F12BE4BBA00043BE8 /* NSCharacterSet_Extensions.m */; };
		600FEE6612BE4BBA00043BE8 /* NSDictionary_JSONExtensions.m in Sources */ = {isa = PBXBuildFile; fileRef = 600FEE4112BE4BBA00043BE8 /* NSDictionary_JSONExtensions.m */; };
		600FEE6712BE4BBA00043BE8 /* NSScanner_Extensions.m in Sources */ = {isa = PBXBuildFile; fileRef = 600FEE4312BE4BBA00043BE8 /* NSScanner_Extensions.m */; };
		600FEE6812BE4BBA00043BE8 /* CJSONDataSerializer.m in Sources */ = {isa = PBXBuildFile; fileRef = 600FEE4612BE4BBA00043BE8 /* CJSONDataSerializer.m */; };
		600FEE6912BE4BBA00043BE8 /* CJSONDeserializer.m in Sources */ = {isa = PBXBuildFile; fileRef = 600FEE4812BE4BBA00043BE8 /* CJSONDeserializer.m */; };
		600FEE6A12BE4BBA00043BE8 /* CJSONScanner.m in Sources */ = {isa = PBXBuildFile; fileRef = 600FEE4A12BE4BBA00043BE8 /* CJSONScanner.m */; };
		600FEE6B12BE4BBA00043BE8 /* CJSONSerializer.m in Sources */ = {isa = PBXBuildFile; fileRef = 600FEE4C12BE4BBA00043BE8 /* CJSONSerializer.m */; };
		600FEE6C12BE4BBA00043BE8 /* CSerializedJSONData.m in Sources */ = {isa = PBXBuildFile; fileRef = 600FEE4E12BE4BBA00043BE8 /* CSerializedJSONData.m */; };
		600FEE6D12BE4BBA00043BE8 /* UAGithubJSONParser.m in Sources */ = {isa = PBXBuildFile; fileRef = 600FEE5012BE4BBA00043BE8 /* UAGithubJSONParser.m */; };
		600FEE6E12BE4BBA00043BE8 /* UAGithubSimpleJSONParser.m in Sources */ = {isa = PBXBuildFile; fileRef = 600FEE5212BE4BBA00043BE8 /* UAGithubSimpleJSONParser.m */; };
		600FEE6F12BE4BBA00043BE8 /* UAGithubUsersJSONParser.m in Sources */ = {isa = PBXBuildFile; fileRef = 600FEE5412BE4BBA00043BE8 /* UAGithubUsersJSONParser.m */; };
		600FEE7012BE4BBA00043BE8 /* UAGithubRepositoriesJSONParser.m in Sources */ = {isa = PBXBuildFile; fileRef = 600FEE5612BE4BBA00043BE8 /* UAGithubRepositoriesJSONParser.m */; };
		600FEE7112BE4BBA00043BE8 /* UAGithubCommitsJSONParser.m in Sources */ = {isa = PBXBuildFile; fileRef = 600FEE5812BE4BBA00043BE8 /* UAGithubCommitsJSONParser.m */; };
		600FEE7212BE4BBA00043BE8 /* UAGithubIssuesJSONParser.m in Sources */ = {isa = PBXBuildFile; fileRef = 600FEE5A12BE4BBA00043BE8 /* UAGithubIssuesJSONParser.m */; };
		600FEE7312BE4BBA00043BE8 /* UAGithubIssueCommentsJSONParser.m in Sources */ = {isa = PBXBuildFile; fileRef = 600FEE5C12BE4BBA00043BE8 /* UAGithubIssueCommentsJSONParser.m */; };
		6034C7221263471F0029D2CD /* ORBackwardsScrollView.m in Sources */ = {isa = PBXBuildFile; fileRef = 6034C7211263471F0029D2CD /* ORBackwardsScrollView.m */; };
		6034C7BC12635BCF0029D2CD /* ORTransparentDarkScroller.m in Sources */ = {isa = PBXBuildFile; fileRef = 6034C7BB12635BCF0029D2CD /* ORTransparentDarkScroller.m */; };
		604513A4125CDBCB009D0824 /* ShortcutRecorder.framework in Frameworks */ = {isa = PBXBuildFile; fileRef = 60451357125CDBA5009D0824 /* ShortcutRecorder.framework */; };
		604513A5125CDBCF009D0824 /* ShortcutRecorder.framework in Move Frameworks */ = {isa = PBXBuildFile; fileRef = 60451357125CDBA5009D0824 /* ShortcutRecorder.framework */; };
		604A5DB71261170800705440 /* icon-ok-comment-hover.png in Resources */ = {isa = PBXBuildFile; fileRef = 604A5DB11261170800705440 /* icon-ok-comment-hover.png */; };
		604A5DB81261170800705440 /* icon-ok-comment.png in Resources */ = {isa = PBXBuildFile; fileRef = 604A5DB21261170800705440 /* icon-ok-comment.png */; };
		604A5DB91261170800705440 /* icon-ok-delete-hover.png in Resources */ = {isa = PBXBuildFile; fileRef = 604A5DB31261170800705440 /* icon-ok-delete-hover.png */; };
		604A5DBA1261170800705440 /* icon-ok-delete.png in Resources */ = {isa = PBXBuildFile; fileRef = 604A5DB41261170800705440 /* icon-ok-delete.png */; };
		604A5DBB1261170800705440 /* icon-ok-hover.png in Resources */ = {isa = PBXBuildFile; fileRef = 604A5DB51261170800705440 /* icon-ok-hover.png */; };
		604A5DBC1261170800705440 /* icon-ok.png in Resources */ = {isa = PBXBuildFile; fileRef = 604A5DB61261170800705440 /* icon-ok.png */; };
		604A5DBE1261189F00705440 /* key-labels.png in Resources */ = {isa = PBXBuildFile; fileRef = 604A5DBD1261189F00705440 /* key-labels.png */; };
		604A5E611263419500705440 /* BWToolkitFramework.framework in Frameworks */ = {isa = PBXBuildFile; fileRef = 60451588125CF921009D0824 /* BWToolkitFramework.framework */; };
		604A5E64126341A000705440 /* BWToolkitFramework.framework in Move Frameworks */ = {isa = PBXBuildFile; fileRef = 60451588125CF921009D0824 /* BWToolkitFramework.framework */; };
		6053D28212AAD23E009F7CEC /* Growl.framework in Frameworks */ = {isa = PBXBuildFile; fileRef = 6053D28112AAD23E009F7CEC /* Growl.framework */; };
		6053D28C12AAD3CF009F7CEC /* GrowlController.m in Sources */ = {isa = PBXBuildFile; fileRef = 6053D28B12AAD3CF009F7CEC /* GrowlController.m */; };
		6053D2C912AAD87F009F7CEC /* Growl.framework in Move Frameworks */ = {isa = PBXBuildFile; fileRef = 6053D28112AAD23E009F7CEC /* Growl.framework */; };
		6053D38012AAE7D2009F7CEC /* TColumnView.m in Sources */ = {isa = PBXBuildFile; fileRef = 6053D37F12AAE7D2009F7CEC /* TColumnView.m */; };
		6053D39312AAEAFC009F7CEC /* TicketItemView.m in Sources */ = {isa = PBXBuildFile; fileRef = 6053D39212AAEAFC009F7CEC /* TicketItemView.m */; };
		6053D39612AAEEC8009F7CEC /* TicketsViewController.m in Sources */ = {isa = PBXBuildFile; fileRef = 6053D39512AAEEC8009F7CEC /* TicketsViewController.m */; };
		60554E2F12428FEE0071A103 /* libz.dylib in Frameworks */ = {isa = PBXBuildFile; fileRef = 60554E2E12428FED0071A103 /* libz.dylib */; };
		60554E4A124291B20071A103 /* Ticket.m in Sources */ = {isa = PBXBuildFile; fileRef = 60554E49124291B20071A103 /* Ticket.m */; };
		60554EBE124368B40071A103 /* LighthouseEntity.m in Sources */ = {isa = PBXBuildFile; fileRef = 60554EBD124368B40071A103 /* LighthouseEntity.m */; };
		6074E8F7126B33E100E134B7 /* LighthouseMixer.m in Sources */ = {isa = PBXBuildFile; fileRef = 6074E8F6126B33E100E134B7 /* LighthouseMixer.m */; };
		6074E9FB126B6EC300E134B7 /* OSStartupController.m in Sources */ = {isa = PBXBuildFile; fileRef = 6074E9FA126B6EC300E134B7 /* OSStartupController.m */; };
		607F5F7512427E51003BC2E8 /* Cocoa.framework in Frameworks */ = {isa = PBXBuildFile; fileRef = 607F5F7412427E51003BC2E8 /* Cocoa.framework */; };
		607F5F7A12427E51003BC2E8 /* InfoPlist.strings in Resources */ = {isa = PBXBuildFile; fileRef = 607F5F7812427E51003BC2E8 /* InfoPlist.strings */; };
		607F5F7C12427E51003BC2E8 /* main.m in Sources */ = {isa = PBXBuildFile; fileRef = 607F5F7B12427E51003BC2E8 /* main.m */; };
		607F5F7F12427E51003BC2E8 /* MainMenu.xib in Resources */ = {isa = PBXBuildFile; fileRef = 607F5F7D12427E51003BC2E8 /* MainMenu.xib */; };
		607F5F8212427E51003BC2E8 /* Credits.rtf in Resources */ = {isa = PBXBuildFile; fileRef = 607F5F8012427E51003BC2E8 /* Credits.rtf */; };
		607F5F8512427E51003BC2E8 /* TickifierAppDelegate.m in Sources */ = {isa = PBXBuildFile; fileRef = 607F5F8412427E51003BC2E8 /* TickifierAppDelegate.m */; };
		607F5F97124281BE003BC2E8 /* IDEAS in Resources */ = {isa = PBXBuildFile; fileRef = 607F5F96124281BE003BC2E8 /* IDEAS */; };
		607F5F9A12428390003BC2E8 /* ServerController.m in Sources */ = {isa = PBXBuildFile; fileRef = 607F5F9912428390003BC2E8 /* ServerController.m */; };
		607F5FDA12428816003BC2E8 /* Security.framework in Frameworks */ = {isa = PBXBuildFile; fileRef = 607F5FD912428816003BC2E8 /* Security.framework */; };
		607F5FDD12428852003BC2E8 /* SystemConfiguration.framework in Frameworks */ = {isa = PBXBuildFile; fileRef = 607F5FDC12428852003BC2E8 /* SystemConfiguration.framework */; };
		607F5FF512428F07003BC2E8 /* Seriously.m in Sources */ = {isa = PBXBuildFile; fileRef = 607F5FF112428F07003BC2E8 /* Seriously.m */; };
		607F5FF612428F07003BC2E8 /* SeriouslyOperation.m in Sources */ = {isa = PBXBuildFile; fileRef = 607F5FF412428F07003BC2E8 /* SeriouslyOperation.m */; };
		609661FA12466BE4006C7E28 /* PTHotKey.m in Sources */ = {isa = PBXBuildFile; fileRef = 609661F312466BE4006C7E28 /* PTHotKey.m */; };
		609661FB12466BE4006C7E28 /* PTHotKeyCenter.m in Sources */ = {isa = PBXBuildFile; fileRef = 609661F512466BE4006C7E28 /* PTHotKeyCenter.m */; };
		609661FC12466BE4006C7E28 /* PTKeyCodeTranslator.m in Sources */ = {isa = PBXBuildFile; fileRef = 609661F712466BE4006C7E28 /* PTKeyCodeTranslator.m */; };
		609661FD12466BE4006C7E28 /* PTKeyCombo.m in Sources */ = {isa = PBXBuildFile; fileRef = 609661F912466BE4006C7E28 /* PTKeyCombo.m */; };
		6096620D12466CA0006C7E28 /* Carbon.framework in Frameworks */ = {isa = PBXBuildFile; fileRef = 6096620C12466CA0006C7E28 /* Carbon.framework */; };
		6096620F12466CA0006C7E28 /* CoreServices.framework in Frameworks */ = {isa = PBXBuildFile; fileRef = 6096620E12466CA0006C7E28 /* CoreServices.framework */; };
		609662FD12468302006C7E28 /* AppViewController.m in Sources */ = {isa = PBXBuildFile; fileRef = 609662FC12468302006C7E28 /* AppViewController.m */; };
		6099805E124BD51E006AA575 /* tab.png in Resources */ = {isa = PBXBuildFile; fileRef = 6099805D124BD51E006AA575 /* tab.png */; };
		60E8A31E126390F6004D1814 /* AMCollectionView.m in Sources */ = {isa = PBXBuildFile; fileRef = 60E8A31A126390F6004D1814 /* AMCollectionView.m */; };
		60E8A31F126390F6004D1814 /* AMCollectionViewItem.m in Sources */ = {isa = PBXBuildFile; fileRef = 60E8A31C126390F6004D1814 /* AMCollectionViewItem.m */; };
		60E8A5B71265107B004D1814 /* Server.m in Sources */ = {isa = PBXBuildFile; fileRef = 60E8A5B61265107B004D1814 /* Server.m */; };
/* End PBXBuildFile section */

/* Begin PBXContainerItemProxy section */
		60451356125CDBA5009D0824 /* PBXContainerItemProxy */ = {
			isa = PBXContainerItemProxy;
			containerPortal = 60451333125CDB9D009D0824 /* ShortcutRecorder.xcodeproj */;
			proxyType = 2;
			remoteGlobalIDString = 939837800DA42965007F53F3;
			remoteInfo = "ShortcutRecorder.framework - with embedded ibplugin";
		};
		60451358125CDBA5009D0824 /* PBXContainerItemProxy */ = {
			isa = PBXContainerItemProxy;
			containerPortal = 60451333125CDB9D009D0824 /* ShortcutRecorder.xcodeproj */;
			proxyType = 2;
			remoteGlobalIDString = 939838A50DA4300F007F53F3;
			remoteInfo = "ShortcutRecorder.ibplugin - for embedding in framework";
		};
		6045135A125CDBA5009D0824 /* PBXContainerItemProxy */ = {
			isa = PBXContainerItemProxy;
			containerPortal = 60451333125CDB9D009D0824 /* ShortcutRecorder.xcodeproj */;
			proxyType = 2;
			remoteGlobalIDString = 93983B220DA43C4E007F53F3;
			remoteInfo = ShortcutRecorderFramework_Tester;
		};
		6045135C125CDBA5009D0824 /* PBXContainerItemProxy */ = {
			isa = PBXContainerItemProxy;
			containerPortal = 60451333125CDB9D009D0824 /* ShortcutRecorder.xcodeproj */;
			proxyType = 2;
			remoteGlobalIDString = 342E00CF109CCBF5009AD8CA;
			remoteInfo = "ShortcutRecorder.ibplugin - standalone";
		};
		6045135E125CDBA5009D0824 /* PBXContainerItemProxy */ = {
			isa = PBXContainerItemProxy;
			containerPortal = 60451333125CDB9D009D0824 /* ShortcutRecorder.xcodeproj */;
			proxyType = 2;
			remoteGlobalIDString = 342E0104109CCC36009AD8CA;
			remoteInfo = "ShortcutRecorder.framework - for embedding in ibplugin";
		};
		60451575125CF8FC009D0824 /* PBXContainerItemProxy */ = {
			isa = PBXContainerItemProxy;
			containerPortal = 60451333125CDB9D009D0824 /* ShortcutRecorder.xcodeproj */;
			proxyType = 1;
			remoteGlobalIDString = 9398377F0DA42965007F53F3;
			remoteInfo = "ShortcutRecorder.framework - with embedded ibplugin";
		};
		60451585125CF921009D0824 /* PBXContainerItemProxy */ = {
			isa = PBXContainerItemProxy;
			containerPortal = 6045157C125CF921009D0824 /* BWToolkit.xcodeproj */;
			proxyType = 2;
			remoteGlobalIDString = 8D1AC9740486D14A00FE50C9;
			remoteInfo = BWToolkit;
		};
		60451587125CF921009D0824 /* PBXContainerItemProxy */ = {
			isa = PBXContainerItemProxy;
			containerPortal = 6045157C125CF921009D0824 /* BWToolkit.xcodeproj */;
			proxyType = 2;
			remoteGlobalIDString = 53DF68FD067E5B5A0090B5B0;
			remoteInfo = BWToolkitFramework;
		};
		60451589125CF92F009D0824 /* PBXContainerItemProxy */ = {
			isa = PBXContainerItemProxy;
			containerPortal = 6045157C125CF921009D0824 /* BWToolkit.xcodeproj */;
			proxyType = 1;
			remoteGlobalIDString = 53DF6901067E5B8E0090B5B0;
			remoteInfo = All;
		};
/* End PBXContainerItemProxy section */

/* Begin PBXCopyFilesBuildPhase section */
		607F5FE712428BBB003BC2E8 /* Move Frameworks */ = {
			isa = PBXCopyFilesBuildPhase;
			buildActionMask = 2147483647;
			dstPath = "";
			dstSubfolderSpec = 10;
			files = (
				6053D2C912AAD87F009F7CEC /* Growl.framework in Move Frameworks */,
				604A5E64126341A000705440 /* BWToolkitFramework.framework in Move Frameworks */,
				604513A5125CDBCF009D0824 /* ShortcutRecorder.framework in Move Frameworks */,
			);
			name = "Move Frameworks";
			runOnlyForDeploymentPostprocessing = 0;
		};
/* End PBXCopyFilesBuildPhase section */

/* Begin PBXFileReference section */
		600FEDF612BE4ADD00043BE8 /* GitHubIssuesMixer.h */ = {isa = PBXFileReference; fileEncoding = 4; lastKnownFileType = sourcecode.c.h; path = GitHubIssuesMixer.h; sourceTree = "<group>"; };
		600FEDF712BE4ADD00043BE8 /* GitHubIssuesMixer.m */ = {isa = PBXFileReference; fileEncoding = 4; lastKnownFileType = sourcecode.c.objc; path = GitHubIssuesMixer.m; sourceTree = "<group>"; };
		600FEE2712BE4BBA00043BE8 /* UAGithubURLConnection.h */ = {isa = PBXFileReference; fileEncoding = 4; lastKnownFileType = sourcecode.c.h; name = UAGithubURLConnection.h; path = ext/UAGithubEngine/UAGithubURLConnection.h; sourceTree = "<group>"; };
		600FEE2812BE4BBA00043BE8 /* UAGithubEngine.h */ = {isa = PBXFileReference; fileEncoding = 4; lastKnownFileType = sourcecode.c.h; name = UAGithubEngine.h; path = ext/UAGithubEngine/UAGithubEngine.h; sourceTree = "<group>"; };
		600FEE2912BE4BBA00043BE8 /* UAGithubEngine.m */ = {isa = PBXFileReference; fileEncoding = 4; lastKnownFileType = sourcecode.c.objc; name = UAGithubEngine.m; path = ext/UAGithubEngine/UAGithubEngine.m; sourceTree = "<group>"; };
		600FEE2A12BE4BBA00043BE8 /* UAGithubEngineDelegate.h */ = {isa = PBXFileReference; fileEncoding = 4; lastKnownFileType = sourcecode.c.h; name = UAGithubEngineDelegate.h; path = ext/UAGithubEngine/UAGithubEngineDelegate.h; sourceTree = "<group>"; };
		600FEE2B12BE4BBA00043BE8 /* UAGithubEngineRequestTypes.h */ = {isa = PBXFileReference; fileEncoding = 4; lastKnownFileType = sourcecode.c.h; name = UAGithubEngineRequestTypes.h; path = ext/UAGithubEngine/UAGithubEngineRequestTypes.h; sourceTree = "<group>"; };
		600FEE2C12BE4BBA00043BE8 /* UAGithubParserDelegate.h */ = {isa = PBXFileReference; fileEncoding = 4; lastKnownFileType = sourcecode.c.h; name = UAGithubParserDelegate.h; path = ext/UAGithubEngine/UAGithubParserDelegate.h; sourceTree = "<group>"; };
		600FEE2D12BE4BBA00043BE8 /* UAGithubURLConnection.m */ = {isa = PBXFileReference; fileEncoding = 4; lastKnownFileType = sourcecode.c.objc; name = UAGithubURLConnection.m; path = ext/UAGithubEngine/UAGithubURLConnection.m; sourceTree = "<group>"; };
		600FEE2F12BE4BBA00043BE8 /* NSData+Base64.h */ = {isa = PBXFileReference; fileEncoding = 4; lastKnownFileType = sourcecode.c.h; name = "NSData+Base64.h"; path = "ext/UAGithubEngine/NSData+Base64.h"; sourceTree = "<group>"; };
		600FEE3012BE4BBA00043BE8 /* NSData+Base64.m */ = {isa = PBXFileReference; fileEncoding = 4; lastKnownFileType = sourcecode.c.objc; name = "NSData+Base64.m"; path = "ext/UAGithubEngine/NSData+Base64.m"; sourceTree = "<group>"; };
		600FEE3112BE4BBA00043BE8 /* NSString+UAGithubEngineUtilities.h */ = {isa = PBXFileReference; fileEncoding = 4; lastKnownFileType = sourcecode.c.h; name = "NSString+UAGithubEngineUtilities.h"; path = "ext/UAGithubEngine/NSString+UAGithubEngineUtilities.h"; sourceTree = "<group>"; };
		600FEE3212BE4BBA00043BE8 /* NSString+UAGithubEngineUtilities.m */ = {isa = PBXFileReference; fileEncoding = 4; lastKnownFileType = sourcecode.c.objc; name = "NSString+UAGithubEngineUtilities.m"; path = "ext/UAGithubEngine/NSString+UAGithubEngineUtilities.m"; sourceTree = "<group>"; };
		600FEE3312BE4BBA00043BE8 /* NSString+UUID.h */ = {isa = PBXFileReference; fileEncoding = 4; lastKnownFileType = sourcecode.c.h; name = "NSString+UUID.h"; path = "ext/UAGithubEngine/NSString+UUID.h"; sourceTree = "<group>"; };
		600FEE3412BE4BBA00043BE8 /* NSString+UUID.m */ = {isa = PBXFileReference; fileEncoding = 4; lastKnownFileType = sourcecode.c.objc; name = "NSString+UUID.m"; path = "ext/UAGithubEngine/NSString+UUID.m"; sourceTree = "<group>"; };
		600FEE3512BE4BBA00043BE8 /* NSArray+Utilities.h */ = {isa = PBXFileReference; fileEncoding = 4; lastKnownFileType = sourcecode.c.h; name = "NSArray+Utilities.h"; path = "ext/UAGithubEngine/NSArray+Utilities.h"; sourceTree = "<group>"; };
		600FEE3612BE4BBA00043BE8 /* NSArray+Utilities.m */ = {isa = PBXFileReference; fileEncoding = 4; lastKnownFileType = sourcecode.c.objc; name = "NSArray+Utilities.m"; path = "ext/UAGithubEngine/NSArray+Utilities.m"; sourceTree = "<group>"; };
		600FEE3912BE4BBA00043BE8 /* CDataScanner.h */ = {isa = PBXFileReference; fileEncoding = 4; lastKnownFileType = sourcecode.c.h; name = CDataScanner.h; path = ext/UAGithubEngine/CDataScanner.h; sourceTree = "<group>"; };
		600FEE3A12BE4BBA00043BE8 /* CDataScanner.m */ = {isa = PBXFileReference; fileEncoding = 4; lastKnownFileType = sourcecode.c.objc; name = CDataScanner.m; path = ext/UAGithubEngine/CDataScanner.m; sourceTree = "<group>"; };
		600FEE3C12BE4BBA00043BE8 /* CDataScanner_Extensions.h */ = {isa = PBXFileReference; fileEncoding = 4; lastKnownFileType = sourcecode.c.h; path = CDataScanner_Extensions.h; sourceTree = "<group>"; };
		600FEE3D12BE4BBA00043BE8 /* CDataScanner_Extensions.m */ = {isa = PBXFileReference; fileEncoding = 4; lastKnownFileType = sourcecode.c.objc; path = CDataScanner_Extensions.m; sourceTree = "<group>"; };
		600FEE3E12BE4BBA00043BE8 /* NSCharacterSet_Extensions.h */ = {isa = PBXFileReference; fileEncoding = 4; lastKnownFileType = sourcecode.c.h; path = NSCharacterSet_Extensions.h; sourceTree = "<group>"; };
		600FEE3F12BE4BBA00043BE8 /* NSCharacterSet_Extensions.m */ = {isa = PBXFileReference; fileEncoding = 4; lastKnownFileType = sourcecode.c.objc; path = NSCharacterSet_Extensions.m; sourceTree = "<group>"; };
		600FEE4012BE4BBA00043BE8 /* NSDictionary_JSONExtensions.h */ = {isa = PBXFileReference; fileEncoding = 4; lastKnownFileType = sourcecode.c.h; path = NSDictionary_JSONExtensions.h; sourceTree = "<group>"; };
		600FEE4112BE4BBA00043BE8 /* NSDictionary_JSONExtensions.m */ = {isa = PBXFileReference; fileEncoding = 4; lastKnownFileType = sourcecode.c.objc; path = NSDictionary_JSONExtensions.m; sourceTree = "<group>"; };
		600FEE4212BE4BBA00043BE8 /* NSScanner_Extensions.h */ = {isa = PBXFileReference; fileEncoding = 4; lastKnownFileType = sourcecode.c.h; path = NSScanner_Extensions.h; sourceTree = "<group>"; };
		600FEE4312BE4BBA00043BE8 /* NSScanner_Extensions.m */ = {isa = PBXFileReference; fileEncoding = 4; lastKnownFileType = sourcecode.c.objc; path = NSScanner_Extensions.m; sourceTree = "<group>"; };
		600FEE4512BE4BBA00043BE8 /* CJSONDataSerializer.h */ = {isa = PBXFileReference; fileEncoding = 4; lastKnownFileType = sourcecode.c.h; path = CJSONDataSerializer.h; sourceTree = "<group>"; };
		600FEE4612BE4BBA00043BE8 /* CJSONDataSerializer.m */ = {isa = PBXFileReference; fileEncoding = 4; lastKnownFileType = sourcecode.c.objc; path = CJSONDataSerializer.m; sourceTree = "<group>"; };
		600FEE4712BE4BBA00043BE8 /* CJSONDeserializer.h */ = {isa = PBXFileReference; fileEncoding = 4; lastKnownFileType = sourcecode.c.h; path = CJSONDeserializer.h; sourceTree = "<group>"; };
		600FEE4812BE4BBA00043BE8 /* CJSONDeserializer.m */ = {isa = PBXFileReference; fileEncoding = 4; lastKnownFileType = sourcecode.c.objc; path = CJSONDeserializer.m; sourceTree = "<group>"; };
		600FEE4912BE4BBA00043BE8 /* CJSONScanner.h */ = {isa = PBXFileReference; fileEncoding = 4; lastKnownFileType = sourcecode.c.h; path = CJSONScanner.h; sourceTree = "<group>"; };
		600FEE4A12BE4BBA00043BE8 /* CJSONScanner.m */ = {isa = PBXFileReference; fileEncoding = 4; lastKnownFileType = sourcecode.c.objc; path = CJSONScanner.m; sourceTree = "<group>"; };
		600FEE4B12BE4BBA00043BE8 /* CJSONSerializer.h */ = {isa = PBXFileReference; fileEncoding = 4; lastKnownFileType = sourcecode.c.h; path = CJSONSerializer.h; sourceTree = "<group>"; };
		600FEE4C12BE4BBA00043BE8 /* CJSONSerializer.m */ = {isa = PBXFileReference; fileEncoding = 4; lastKnownFileType = sourcecode.c.objc; path = CJSONSerializer.m; sourceTree = "<group>"; };
		600FEE4D12BE4BBA00043BE8 /* CSerializedJSONData.h */ = {isa = PBXFileReference; fileEncoding = 4; lastKnownFileType = sourcecode.c.h; path = CSerializedJSONData.h; sourceTree = "<group>"; };
		600FEE4E12BE4BBA00043BE8 /* CSerializedJSONData.m */ = {isa = PBXFileReference; fileEncoding = 4; lastKnownFileType = sourcecode.c.objc; path = CSerializedJSONData.m; sourceTree = "<group>"; };
		600FEE4F12BE4BBA00043BE8 /* UAGithubJSONParser.h */ = {isa = PBXFileReference; fileEncoding = 4; lastKnownFileType = sourcecode.c.h; name = UAGithubJSONParser.h; path = ext/UAGithubEngine/UAGithubJSONParser.h; sourceTree = "<group>"; };
		600FEE5012BE4BBA00043BE8 /* UAGithubJSONParser.m */ = {isa = PBXFileReference; fileEncoding = 4; lastKnownFileType = sourcecode.c.objc; name = UAGithubJSONParser.m; path = ext/UAGithubEngine/UAGithubJSONParser.m; sourceTree = "<group>"; };
		600FEE5112BE4BBA00043BE8 /* UAGithubSimpleJSONParser.h */ = {isa = PBXFileReference; fileEncoding = 4; lastKnownFileType = sourcecode.c.h; name = UAGithubSimpleJSONParser.h; path = ext/UAGithubEngine/UAGithubSimpleJSONParser.h; sourceTree = "<group>"; };
		600FEE5212BE4BBA00043BE8 /* UAGithubSimpleJSONParser.m */ = {isa = PBXFileReference; fileEncoding = 4; lastKnownFileType = sourcecode.c.objc; name = UAGithubSimpleJSONParser.m; path = ext/UAGithubEngine/UAGithubSimpleJSONParser.m; sourceTree = "<group>"; };
		600FEE5312BE4BBA00043BE8 /* UAGithubUsersJSONParser.h */ = {isa = PBXFileReference; fileEncoding = 4; lastKnownFileType = sourcecode.c.h; name = UAGithubUsersJSONParser.h; path = ext/UAGithubEngine/UAGithubUsersJSONParser.h; sourceTree = "<group>"; };
		600FEE5412BE4BBA00043BE8 /* UAGithubUsersJSONParser.m */ = {isa = PBXFileReference; fileEncoding = 4; lastKnownFileType = sourcecode.c.objc; name = UAGithubUsersJSONParser.m; path = ext/UAGithubEngine/UAGithubUsersJSONParser.m; sourceTree = "<group>"; };
		600FEE5512BE4BBA00043BE8 /* UAGithubRepositoriesJSONParser.h */ = {isa = PBXFileReference; fileEncoding = 4; lastKnownFileType = sourcecode.c.h; name = UAGithubRepositoriesJSONParser.h; path = ext/UAGithubEngine/UAGithubRepositoriesJSONParser.h; sourceTree = "<group>"; };
		600FEE5612BE4BBA00043BE8 /* UAGithubRepositoriesJSONParser.m */ = {isa = PBXFileReference; fileEncoding = 4; lastKnownFileType = sourcecode.c.objc; name = UAGithubRepositoriesJSONParser.m; path = ext/UAGithubEngine/UAGithubRepositoriesJSONParser.m; sourceTree = "<group>"; };
		600FEE5712BE4BBA00043BE8 /* UAGithubCommitsJSONParser.h */ = {isa = PBXFileReference; fileEncoding = 4; lastKnownFileType = sourcecode.c.h; name = UAGithubCommitsJSONParser.h; path = ext/UAGithubEngine/UAGithubCommitsJSONParser.h; sourceTree = "<group>"; };
		600FEE5812BE4BBA00043BE8 /* UAGithubCommitsJSONParser.m */ = {isa = PBXFileReference; fileEncoding = 4; lastKnownFileType = sourcecode.c.objc; name = UAGithubCommitsJSONParser.m; path = ext/UAGithubEngine/UAGithubCommitsJSONParser.m; sourceTree = "<group>"; };
		600FEE5912BE4BBA00043BE8 /* UAGithubIssuesJSONParser.h */ = {isa = PBXFileReference; fileEncoding = 4; lastKnownFileType = sourcecode.c.h; name = UAGithubIssuesJSONParser.h; path = ext/UAGithubEngine/UAGithubIssuesJSONParser.h; sourceTree = "<group>"; };
		600FEE5A12BE4BBA00043BE8 /* UAGithubIssuesJSONParser.m */ = {isa = PBXFileReference; fileEncoding = 4; lastKnownFileType = sourcecode.c.objc; name = UAGithubIssuesJSONParser.m; path = ext/UAGithubEngine/UAGithubIssuesJSONParser.m; sourceTree = "<group>"; };
		600FEE5B12BE4BBA00043BE8 /* UAGithubIssueCommentsJSONParser.h */ = {isa = PBXFileReference; fileEncoding = 4; lastKnownFileType = sourcecode.c.h; name = UAGithubIssueCommentsJSONParser.h; path = ext/UAGithubEngine/UAGithubIssueCommentsJSONParser.h; sourceTree = "<group>"; };
		600FEE5C12BE4BBA00043BE8 /* UAGithubIssueCommentsJSONParser.m */ = {isa = PBXFileReference; fileEncoding = 4; lastKnownFileType = sourcecode.c.objc; name = UAGithubIssueCommentsJSONParser.m; path = ext/UAGithubEngine/UAGithubIssueCommentsJSONParser.m; sourceTree = "<group>"; };
		6034C7201263471F0029D2CD /* ORBackwardsScrollView.h */ = {isa = PBXFileReference; fileEncoding = 4; lastKnownFileType = sourcecode.c.h; path = ORBackwardsScrollView.h; sourceTree = "<group>"; };
		6034C7211263471F0029D2CD /* ORBackwardsScrollView.m */ = {isa = PBXFileReference; fileEncoding = 4; lastKnownFileType = sourcecode.c.objc; path = ORBackwardsScrollView.m; sourceTree = "<group>"; };
		6034C7BA12635BCF0029D2CD /* ORTransparentDarkScroller.h */ = {isa = PBXFileReference; fileEncoding = 4; lastKnownFileType = sourcecode.c.h; path = ORTransparentDarkScroller.h; sourceTree = "<group>"; };
		6034C7BB12635BCF0029D2CD /* ORTransparentDarkScroller.m */ = {isa = PBXFileReference; fileEncoding = 4; lastKnownFileType = sourcecode.c.objc; path = ORTransparentDarkScroller.m; sourceTree = "<group>"; };
		60451333125CDB9D009D0824 /* ShortcutRecorder.xcodeproj */ = {isa = PBXFileReference; lastKnownFileType = "wrapper.pb-project"; name = ShortcutRecorder.xcodeproj; path = ext/shortcutrecorder/ShortcutRecorder.xcodeproj; sourceTree = SOURCE_ROOT; };
		6045157C125CF921009D0824 /* BWToolkit.xcodeproj */ = {isa = PBXFileReference; lastKnownFileType = "wrapper.pb-project"; name = BWToolkit.xcodeproj; path = ext/bwtoolkit/BWToolkit.xcodeproj; sourceTree = "<group>"; };
		604A5DB11261170800705440 /* icon-ok-comment-hover.png */ = {isa = PBXFileReference; lastKnownFileType = image.png; name = "icon-ok-comment-hover.png"; path = "resources/icon-ok-comment-hover.png"; sourceTree = "<group>"; };
		604A5DB21261170800705440 /* icon-ok-comment.png */ = {isa = PBXFileReference; lastKnownFileType = image.png; name = "icon-ok-comment.png"; path = "resources/icon-ok-comment.png"; sourceTree = "<group>"; };
		604A5DB31261170800705440 /* icon-ok-delete-hover.png */ = {isa = PBXFileReference; lastKnownFileType = image.png; name = "icon-ok-delete-hover.png"; path = "resources/icon-ok-delete-hover.png"; sourceTree = "<group>"; };
		604A5DB41261170800705440 /* icon-ok-delete.png */ = {isa = PBXFileReference; lastKnownFileType = image.png; name = "icon-ok-delete.png"; path = "resources/icon-ok-delete.png"; sourceTree = "<group>"; };
		604A5DB51261170800705440 /* icon-ok-hover.png */ = {isa = PBXFileReference; lastKnownFileType = image.png; name = "icon-ok-hover.png"; path = "resources/icon-ok-hover.png"; sourceTree = "<group>"; };
		604A5DB61261170800705440 /* icon-ok.png */ = {isa = PBXFileReference; lastKnownFileType = image.png; name = "icon-ok.png"; path = "resources/icon-ok.png"; sourceTree = "<group>"; };
		604A5DBD1261189F00705440 /* key-labels.png */ = {isa = PBXFileReference; lastKnownFileType = image.png; name = "key-labels.png"; path = "resources/key-labels.png"; sourceTree = "<group>"; };
		6053D28112AAD23E009F7CEC /* Growl.framework */ = {isa = PBXFileReference; lastKnownFileType = wrapper.framework; path = Growl.framework; sourceTree = "<group>"; };
		6053D28A12AAD3CF009F7CEC /* GrowlController.h */ = {isa = PBXFileReference; fileEncoding = 4; lastKnownFileType = sourcecode.c.h; path = GrowlController.h; sourceTree = "<group>"; };
		6053D28B12AAD3CF009F7CEC /* GrowlController.m */ = {isa = PBXFileReference; fileEncoding = 4; lastKnownFileType = sourcecode.c.objc; path = GrowlController.m; sourceTree = "<group>"; };
		6053D37E12AAE7D2009F7CEC /* TColumnView.h */ = {isa = PBXFileReference; fileEncoding = 4; lastKnownFileType = sourcecode.c.h; path = TColumnView.h; sourceTree = "<group>"; };
		6053D37F12AAE7D2009F7CEC /* TColumnView.m */ = {isa = PBXFileReference; fileEncoding = 4; lastKnownFileType = sourcecode.c.objc; path = TColumnView.m; sourceTree = "<group>"; };
		6053D39112AAEAFC009F7CEC /* TicketItemView.h */ = {isa = PBXFileReference; fileEncoding = 4; lastKnownFileType = sourcecode.c.h; path = TicketItemView.h; sourceTree = "<group>"; };
		6053D39212AAEAFC009F7CEC /* TicketItemView.m */ = {isa = PBXFileReference; fileEncoding = 4; lastKnownFileType = sourcecode.c.objc; path = TicketItemView.m; sourceTree = "<group>"; };
		6053D39412AAEEC8009F7CEC /* TicketsViewController.h */ = {isa = PBXFileReference; fileEncoding = 4; lastKnownFileType = sourcecode.c.h; path = TicketsViewController.h; sourceTree = "<group>"; };
		6053D39512AAEEC8009F7CEC /* TicketsViewController.m */ = {isa = PBXFileReference; fileEncoding = 4; lastKnownFileType = sourcecode.c.objc; path = TicketsViewController.m; sourceTree = "<group>"; };
		60554E2E12428FED0071A103 /* libz.dylib */ = {isa = PBXFileReference; lastKnownFileType = "compiled.mach-o.dylib"; name = libz.dylib; path = usr/lib/libz.dylib; sourceTree = SDKROOT; };
		60554E48124291B20071A103 /* Ticket.h */ = {isa = PBXFileReference; fileEncoding = 4; lastKnownFileType = sourcecode.c.h; path = Ticket.h; sourceTree = "<group>"; };
		60554E49124291B20071A103 /* Ticket.m */ = {isa = PBXFileReference; fileEncoding = 4; lastKnownFileType = sourcecode.c.objc; path = Ticket.m; sourceTree = "<group>"; };
		60554EBC124368B40071A103 /* LighthouseEntity.h */ = {isa = PBXFileReference; fileEncoding = 4; lastKnownFileType = sourcecode.c.h; path = LighthouseEntity.h; sourceTree = "<group>"; };
		60554EBD124368B40071A103 /* LighthouseEntity.m */ = {isa = PBXFileReference; fileEncoding = 4; lastKnownFileType = sourcecode.c.objc; path = LighthouseEntity.m; sourceTree = "<group>"; };
		6074E8F5126B33E100E134B7 /* LighthouseMixer.h */ = {isa = PBXFileReference; fileEncoding = 4; lastKnownFileType = sourcecode.c.h; path = LighthouseMixer.h; sourceTree = "<group>"; };
		6074E8F6126B33E100E134B7 /* LighthouseMixer.m */ = {isa = PBXFileReference; fileEncoding = 4; lastKnownFileType = sourcecode.c.objc; path = LighthouseMixer.m; sourceTree = "<group>"; };
		6074E8F8126B341300E134B7 /* Mixer_Protocol.h */ = {isa = PBXFileReference; fileEncoding = 4; lastKnownFileType = sourcecode.c.h; path = Mixer_Protocol.h; sourceTree = "<group>"; };
		6074E9F9126B6EC300E134B7 /* OSStartupController.h */ = {isa = PBXFileReference; fileEncoding = 4; lastKnownFileType = sourcecode.c.h; name = OSStartupController.h; path = Classes/OSStartupController.h; sourceTree = "<group>"; };
		6074E9FA126B6EC300E134B7 /* OSStartupController.m */ = {isa = PBXFileReference; fileEncoding = 4; lastKnownFileType = sourcecode.c.objc; name = OSStartupController.m; path = Classes/OSStartupController.m; sourceTree = "<group>"; };
		607F5F7112427E51003BC2E8 /* Tickifier.app */ = {isa = PBXFileReference; explicitFileType = wrapper.application; includeInIndex = 0; path = Tickifier.app; sourceTree = BUILT_PRODUCTS_DIR; };
		607F5F7412427E51003BC2E8 /* Cocoa.framework */ = {isa = PBXFileReference; lastKnownFileType = wrapper.framework; name = Cocoa.framework; path = System/Library/Frameworks/Cocoa.framework; sourceTree = SDKROOT; };
		607F5F7612427E51003BC2E8 /* Tickifier-Info.plist */ = {isa = PBXFileReference; lastKnownFileType = text.plist.xml; path = "Tickifier-Info.plist"; sourceTree = "<group>"; };
		607F5F7712427E51003BC2E8 /* Tickifier_Prefix.pch */ = {isa = PBXFileReference; lastKnownFileType = sourcecode.c.h; path = Tickifier_Prefix.pch; sourceTree = "<group>"; };
		607F5F7912427E51003BC2E8 /* en */ = {isa = PBXFileReference; lastKnownFileType = text.plist.strings; name = en; path = en.lproj/InfoPlist.strings; sourceTree = "<group>"; };
		607F5F7B12427E51003BC2E8 /* main.m */ = {isa = PBXFileReference; lastKnownFileType = sourcecode.c.objc; path = main.m; sourceTree = "<group>"; };
		607F5F7E12427E51003BC2E8 /* en */ = {isa = PBXFileReference; lastKnownFileType = file.xib; name = en; path = en.lproj/MainMenu.xib; sourceTree = "<group>"; };
		607F5F8112427E51003BC2E8 /* en */ = {isa = PBXFileReference; lastKnownFileType = text.rtf; name = en; path = en.lproj/Credits.rtf; sourceTree = "<group>"; };
		607F5F8312427E51003BC2E8 /* TickifierAppDelegate.h */ = {isa = PBXFileReference; lastKnownFileType = sourcecode.c.h; path = TickifierAppDelegate.h; sourceTree = "<group>"; };
		607F5F8412427E51003BC2E8 /* TickifierAppDelegate.m */ = {isa = PBXFileReference; lastKnownFileType = sourcecode.c.objc; path = TickifierAppDelegate.m; sourceTree = "<group>"; };
		607F5F96124281BE003BC2E8 /* IDEAS */ = {isa = PBXFileReference; fileEncoding = 4; lastKnownFileType = text; path = IDEAS; sourceTree = "<group>"; };
		607F5F9812428390003BC2E8 /* ServerController.h */ = {isa = PBXFileReference; fileEncoding = 4; lastKnownFileType = sourcecode.c.h; name = ServerController.h; path = ../../ServerController.h; sourceTree = "<group>"; };
		607F5F9912428390003BC2E8 /* ServerController.m */ = {isa = PBXFileReference; fileEncoding = 4; lastKnownFileType = sourcecode.c.objc; name = ServerController.m; path = ../../ServerController.m; sourceTree = "<group>"; };
		607F5FD912428816003BC2E8 /* Security.framework */ = {isa = PBXFileReference; lastKnownFileType = wrapper.framework; path = Security.framework; sourceTree = "<group>"; };
		607F5FDC12428852003BC2E8 /* SystemConfiguration.framework */ = {isa = PBXFileReference; lastKnownFileType = wrapper.framework; path = SystemConfiguration.framework; sourceTree = "<group>"; };
		607F5FF012428F07003BC2E8 /* Seriously.h */ = {isa = PBXFileReference; fileEncoding = 4; lastKnownFileType = sourcecode.c.h; path = Seriously.h; sourceTree = "<group>"; };
		607F5FF112428F07003BC2E8 /* Seriously.m */ = {isa = PBXFileReference; fileEncoding = 4; lastKnownFileType = sourcecode.c.objc; path = Seriously.m; sourceTree = "<group>"; };
		607F5FF212428F07003BC2E8 /* SeriouslyConstants.h */ = {isa = PBXFileReference; fileEncoding = 4; lastKnownFileType = sourcecode.c.h; path = SeriouslyConstants.h; sourceTree = "<group>"; };
		607F5FF312428F07003BC2E8 /* SeriouslyOperation.h */ = {isa = PBXFileReference; fileEncoding = 4; lastKnownFileType = sourcecode.c.h; path = SeriouslyOperation.h; sourceTree = "<group>"; };
		607F5FF412428F07003BC2E8 /* SeriouslyOperation.m */ = {isa = PBXFileReference; fileEncoding = 4; lastKnownFileType = sourcecode.c.objc; path = SeriouslyOperation.m; sourceTree = "<group>"; };
		609661F212466BE4006C7E28 /* PTHotKey.h */ = {isa = PBXFileReference; fileEncoding = 4; lastKnownFileType = sourcecode.c.h; path = PTHotKey.h; sourceTree = "<group>"; };
		609661F312466BE4006C7E28 /* PTHotKey.m */ = {isa = PBXFileReference; fileEncoding = 4; lastKnownFileType = sourcecode.c.objc; path = PTHotKey.m; sourceTree = "<group>"; };
		609661F412466BE4006C7E28 /* PTHotKeyCenter.h */ = {isa = PBXFileReference; fileEncoding = 4; lastKnownFileType = sourcecode.c.h; path = PTHotKeyCenter.h; sourceTree = "<group>"; };
		609661F512466BE4006C7E28 /* PTHotKeyCenter.m */ = {isa = PBXFileReference; fileEncoding = 4; lastKnownFileType = sourcecode.c.objc; path = PTHotKeyCenter.m; sourceTree = "<group>"; };
		609661F612466BE4006C7E28 /* PTKeyCodeTranslator.h */ = {isa = PBXFileReference; fileEncoding = 4; lastKnownFileType = sourcecode.c.h; path = PTKeyCodeTranslator.h; sourceTree = "<group>"; };
		609661F712466BE4006C7E28 /* PTKeyCodeTranslator.m */ = {isa = PBXFileReference; fileEncoding = 4; lastKnownFileType = sourcecode.c.objc; path = PTKeyCodeTranslator.m; sourceTree = "<group>"; };
		609661F812466BE4006C7E28 /* PTKeyCombo.h */ = {isa = PBXFileReference; fileEncoding = 4; lastKnownFileType = sourcecode.c.h; path = PTKeyCombo.h; sourceTree = "<group>"; };
		609661F912466BE4006C7E28 /* PTKeyCombo.m */ = {isa = PBXFileReference; fileEncoding = 4; lastKnownFileType = sourcecode.c.objc; path = PTKeyCombo.m; sourceTree = "<group>"; };
		6096620C12466CA0006C7E28 /* Carbon.framework */ = {isa = PBXFileReference; lastKnownFileType = wrapper.framework; name = Carbon.framework; path = System/Library/Frameworks/Carbon.framework; sourceTree = SDKROOT; };
		6096620E12466CA0006C7E28 /* CoreServices.framework */ = {isa = PBXFileReference; lastKnownFileType = wrapper.framework; name = CoreServices.framework; path = System/Library/Frameworks/CoreServices.framework; sourceTree = SDKROOT; };
		609662FB12468302006C7E28 /* AppViewController.h */ = {isa = PBXFileReference; fileEncoding = 4; lastKnownFileType = sourcecode.c.h; name = AppViewController.h; path = ../AppViewController.h; sourceTree = "<group>"; };
		609662FC12468302006C7E28 /* AppViewController.m */ = {isa = PBXFileReference; fileEncoding = 4; lastKnownFileType = sourcecode.c.objc; name = AppViewController.m; path = ../AppViewController.m; sourceTree = "<group>"; };
		6099805D124BD51E006AA575 /* tab.png */ = {isa = PBXFileReference; lastKnownFileType = image.png; path = tab.png; sourceTree = "<group>"; };
		60E8A319126390F6004D1814 /* AMCollectionView.h */ = {isa = PBXFileReference; fileEncoding = 4; lastKnownFileType = sourcecode.c.h; path = AMCollectionView.h; sourceTree = "<group>"; };
		60E8A31A126390F6004D1814 /* AMCollectionView.m */ = {isa = PBXFileReference; fileEncoding = 4; lastKnownFileType = sourcecode.c.objc; path = AMCollectionView.m; sourceTree = "<group>"; };
		60E8A31B126390F6004D1814 /* AMCollectionViewItem.h */ = {isa = PBXFileReference; fileEncoding = 4; lastKnownFileType = sourcecode.c.h; path = AMCollectionViewItem.h; sourceTree = "<group>"; };
		60E8A31C126390F6004D1814 /* AMCollectionViewItem.m */ = {isa = PBXFileReference; fileEncoding = 4; lastKnownFileType = sourcecode.c.objc; path = AMCollectionViewItem.m; sourceTree = "<group>"; };
		60E8A31D126390F6004D1814 /* AMCollectionViewItemProtocol.h */ = {isa = PBXFileReference; fileEncoding = 4; lastKnownFileType = sourcecode.c.h; path = AMCollectionViewItemProtocol.h; sourceTree = "<group>"; };
		60E8A5B51265107B004D1814 /* Server.h */ = {isa = PBXFileReference; fileEncoding = 4; lastKnownFileType = sourcecode.c.h; path = Server.h; sourceTree = "<group>"; };
		60E8A5B61265107B004D1814 /* Server.m */ = {isa = PBXFileReference; fileEncoding = 4; lastKnownFileType = sourcecode.c.objc; path = Server.m; sourceTree = "<group>"; };
/* End PBXFileReference section */

/* Begin PBXFrameworksBuildPhase section */
		607F5F6E12427E51003BC2E8 /* Frameworks */ = {
			isa = PBXFrameworksBuildPhase;
			buildActionMask = 2147483647;
			files = (
				604A5E611263419500705440 /* BWToolkitFramework.framework in Frameworks */,
				604513A4125CDBCB009D0824 /* ShortcutRecorder.framework in Frameworks */,
				607F5FDD12428852003BC2E8 /* SystemConfiguration.framework in Frameworks */,
				607F5FDA12428816003BC2E8 /* Security.framework in Frameworks */,
				607F5F7512427E51003BC2E8 /* Cocoa.framework in Frameworks */,
				60554E2F12428FEE0071A103 /* libz.dylib in Frameworks */,
				6096620D12466CA0006C7E28 /* Carbon.framework in Frameworks */,
				6096620F12466CA0006C7E28 /* CoreServices.framework in Frameworks */,
				6053D28212AAD23E009F7CEC /* Growl.framework in Frameworks */,
			);
			runOnlyForDeploymentPostprocessing = 0;
		};
/* End PBXFrameworksBuildPhase section */

/* Begin PBXGroup section */
		600FEE2612BE4BA700043BE8 /* UAGithubEngine */ = {
			isa = PBXGroup;
			children = (
				600FEE3712BE4BBA00043BE8 /* JSON Parsers */,
				600FEE2E12BE4BBA00043BE8 /* Categories */,
				600FEE2712BE4BBA00043BE8 /* UAGithubURLConnection.h */,
				600FEE2812BE4BBA00043BE8 /* UAGithubEngine.h */,
				600FEE2912BE4BBA00043BE8 /* UAGithubEngine.m */,
				600FEE2A12BE4BBA00043BE8 /* UAGithubEngineDelegate.h */,
				600FEE2B12BE4BBA00043BE8 /* UAGithubEngineRequestTypes.h */,
				600FEE2C12BE4BBA00043BE8 /* UAGithubParserDelegate.h */,
				600FEE2D12BE4BBA00043BE8 /* UAGithubURLConnection.m */,
			);
			name = UAGithubEngine;
			sourceTree = "<group>";
		};
		600FEE2E12BE4BBA00043BE8 /* Categories */ = {
			isa = PBXGroup;
			children = (
				600FEE2F12BE4BBA00043BE8 /* NSData+Base64.h */,
				600FEE3012BE4BBA00043BE8 /* NSData+Base64.m */,
				600FEE3112BE4BBA00043BE8 /* NSString+UAGithubEngineUtilities.h */,
				600FEE3212BE4BBA00043BE8 /* NSString+UAGithubEngineUtilities.m */,
				600FEE3312BE4BBA00043BE8 /* NSString+UUID.h */,
				600FEE3412BE4BBA00043BE8 /* NSString+UUID.m */,
				600FEE3512BE4BBA00043BE8 /* NSArray+Utilities.h */,
				600FEE3612BE4BBA00043BE8 /* NSArray+Utilities.m */,
			);
			name = Categories;
			sourceTree = "<group>";
		};
		600FEE3712BE4BBA00043BE8 /* JSON Parsers */ = {
			isa = PBXGroup;
			children = (
				600FEE4F12BE4BBA00043BE8 /* UAGithubJSONParser.h */,
				600FEE5012BE4BBA00043BE8 /* UAGithubJSONParser.m */,
				600FEE5112BE4BBA00043BE8 /* UAGithubSimpleJSONParser.h */,
				600FEE5212BE4BBA00043BE8 /* UAGithubSimpleJSONParser.m */,
				600FEE5312BE4BBA00043BE8 /* UAGithubUsersJSONParser.h */,
				600FEE5412BE4BBA00043BE8 /* UAGithubUsersJSONParser.m */,
				600FEE5512BE4BBA00043BE8 /* UAGithubRepositoriesJSONParser.h */,
				600FEE5612BE4BBA00043BE8 /* UAGithubRepositoriesJSONParser.m */,
				600FEE5712BE4BBA00043BE8 /* UAGithubCommitsJSONParser.h */,
				600FEE5812BE4BBA00043BE8 /* UAGithubCommitsJSONParser.m */,
				600FEE5912BE4BBA00043BE8 /* UAGithubIssuesJSONParser.h */,
				600FEE5A12BE4BBA00043BE8 /* UAGithubIssuesJSONParser.m */,
				600FEE5B12BE4BBA00043BE8 /* UAGithubIssueCommentsJSONParser.h */,
				600FEE5C12BE4BBA00043BE8 /* UAGithubIssueCommentsJSONParser.m */,
				600FEE3812BE4BBA00043BE8 /* TouchJSON */,
			);
			name = "JSON Parsers";
			sourceTree = "<group>";
		};
		600FEE3812BE4BBA00043BE8 /* TouchJSON */ = {
			isa = PBXGroup;
			children = (
				600FEE3912BE4BBA00043BE8 /* CDataScanner.h */,
				600FEE3A12BE4BBA00043BE8 /* CDataScanner.m */,
				600FEE3B12BE4BBA00043BE8 /* Extensions */,
				600FEE4412BE4BBA00043BE8 /* JSON */,
			);
			name = TouchJSON;
			sourceTree = "<group>";
		};
		600FEE3B12BE4BBA00043BE8 /* Extensions */ = {
			isa = PBXGroup;
			children = (
				600FEE3C12BE4BBA00043BE8 /* CDataScanner_Extensions.h */,
				600FEE3D12BE4BBA00043BE8 /* CDataScanner_Extensions.m */,
				600FEE3E12BE4BBA00043BE8 /* NSCharacterSet_Extensions.h */,
				600FEE3F12BE4BBA00043BE8 /* NSCharacterSet_Extensions.m */,
				600FEE4012BE4BBA00043BE8 /* NSDictionary_JSONExtensions.h */,
				600FEE4112BE4BBA00043BE8 /* NSDictionary_JSONExtensions.m */,
				600FEE4212BE4BBA00043BE8 /* NSScanner_Extensions.h */,
				600FEE4312BE4BBA00043BE8 /* NSScanner_Extensions.m */,
			);
			name = Extensions;
			path = ext/UAGithubEngine/Extensions;
			sourceTree = "<group>";
		};
		600FEE4412BE4BBA00043BE8 /* JSON */ = {
			isa = PBXGroup;
			children = (
				600FEE4512BE4BBA00043BE8 /* CJSONDataSerializer.h */,
				600FEE4612BE4BBA00043BE8 /* CJSONDataSerializer.m */,
				600FEE4712BE4BBA00043BE8 /* CJSONDeserializer.h */,
				600FEE4812BE4BBA00043BE8 /* CJSONDeserializer.m */,
				600FEE4912BE4BBA00043BE8 /* CJSONScanner.h */,
				600FEE4A12BE4BBA00043BE8 /* CJSONScanner.m */,
				600FEE4B12BE4BBA00043BE8 /* CJSONSerializer.h */,
				600FEE4C12BE4BBA00043BE8 /* CJSONSerializer.m */,
				600FEE4D12BE4BBA00043BE8 /* CSerializedJSONData.h */,
				600FEE4E12BE4BBA00043BE8 /* CSerializedJSONData.m */,
			);
			name = JSON;
			path = ext/UAGithubEngine/JSON;
			sourceTree = "<group>";
		};
		6045134E125CDBA5009D0824 /* Products */ = {
			isa = PBXGroup;
			children = (
				60451357125CDBA5009D0824 /* ShortcutRecorder.framework */,
				60451359125CDBA5009D0824 /* ShortcutRecorder.ibplugin */,
				6045135B125CDBA5009D0824 /* ShortcutRecorder.app */,
				6045135D125CDBA5009D0824 /* ShortcutRecorder.ibplugin */,
				6045135F125CDBA5009D0824 /* ShortcutRecorder.framework */,
			);
			name = Products;
			sourceTree = "<group>";
		};
		6045157D125CF921009D0824 /* Products */ = {
			isa = PBXGroup;
			children = (
				60451586125CF921009D0824 /* BWToolkit.ibplugin */,
				60451588125CF921009D0824 /* BWToolkitFramework.framework */,
			);
			name = Products;
			sourceTree = "<group>";
		};
		604A5DAF126116F900705440 /* Images */ = {
			isa = PBXGroup;
			children = (
				604A5DBD1261189F00705440 /* key-labels.png */,
				604A5DB11261170800705440 /* icon-ok-comment-hover.png */,
				604A5DB21261170800705440 /* icon-ok-comment.png */,
				604A5DB31261170800705440 /* icon-ok-delete-hover.png */,
				604A5DB41261170800705440 /* icon-ok-delete.png */,
				604A5DB51261170800705440 /* icon-ok-hover.png */,
				604A5DB61261170800705440 /* icon-ok.png */,
				6099805D124BD51E006AA575 /* tab.png */,
			);
			name = Images;
			sourceTree = "<group>";
		};
		604A5E97126345D300705440 /* Views */ = {
			isa = PBXGroup;
			children = (
				6034C7201263471F0029D2CD /* ORBackwardsScrollView.h */,
				6034C7211263471F0029D2CD /* ORBackwardsScrollView.m */,
				6034C7BA12635BCF0029D2CD /* ORTransparentDarkScroller.h */,
				6034C7BB12635BCF0029D2CD /* ORTransparentDarkScroller.m */,
				6053D37E12AAE7D2009F7CEC /* TColumnView.h */,
				6053D37F12AAE7D2009F7CEC /* TColumnView.m */,
				6053D39112AAEAFC009F7CEC /* TicketItemView.h */,
				6053D39212AAEAFC009F7CEC /* TicketItemView.m */,
			);
			name = Views;
			sourceTree = "<group>";
		};
		60554E4B124291B50071A103 /* Models */ = {
			isa = PBXGroup;
			children = (
				60554E48124291B20071A103 /* Ticket.h */,
				60554E49124291B20071A103 /* Ticket.m */,
				60554EBC124368B40071A103 /* LighthouseEntity.h */,
				60554EBD124368B40071A103 /* LighthouseEntity.m */,
				60E8A5B51265107B004D1814 /* Server.h */,
				60E8A5B61265107B004D1814 /* Server.m */,
			);
			path = Models;
			sourceTree = "<group>";
		};
		60554E64124291E90071A103 /* Controllers */ = {
			isa = PBXGroup;
			children = (
				6074E8F4126B33C200E134B7 /* Mixers */,
				609662FB12468302006C7E28 /* AppViewController.h */,
				609662FC12468302006C7E28 /* AppViewController.m */,
				607F5F9912428390003BC2E8 /* ServerController.m */,
				607F5F9812428390003BC2E8 /* ServerController.h */,
				6053D28A12AAD3CF009F7CEC /* GrowlController.h */,
				6053D28B12AAD3CF009F7CEC /* GrowlController.m */,
				6053D39412AAEEC8009F7CEC /* TicketsViewController.h */,
				6053D39512AAEEC8009F7CEC /* TicketsViewController.m */,
			);
			path = Controllers;
			sourceTree = "<group>";
		};
		6074E8F4126B33C200E134B7 /* Mixers */ = {
			isa = PBXGroup;
			children = (
				6074E8F8126B341300E134B7 /* Mixer_Protocol.h */,
				6074E8F5126B33E100E134B7 /* LighthouseMixer.h */,
				6074E8F6126B33E100E134B7 /* LighthouseMixer.m */,
				600FEDF612BE4ADD00043BE8 /* GitHubIssuesMixer.h */,
				600FEDF712BE4ADD00043BE8 /* GitHubIssuesMixer.m */,
			);
			name = Mixers;
			sourceTree = "<group>";
		};
		607F5F6212427E50003BC2E8 = {
			isa = PBXGroup;
			children = (
				6045157C125CF921009D0824 /* BWToolkit.xcodeproj */,
				60451333125CDB9D009D0824 /* ShortcutRecorder.xcodeproj */,
				607F5F6912427E51003BC2E8 /* Classes */,
				607F5F6A12427E51003BC2E8 /* Other Sources */,
				607F5F6B12427E51003BC2E8 /* Resources */,
				607F5F96124281BE003BC2E8 /* IDEAS */,
				607F5F6C12427E51003BC2E8 /* Frameworks */,
				607F5F7212427E51003BC2E8 /* Products */,
				6096620C12466CA0006C7E28 /* Carbon.framework */,
				6096620E12466CA0006C7E28 /* CoreServices.framework */,
			);
			sourceTree = "<group>";
		};
		607F5F6912427E51003BC2E8 /* Classes */ = {
			isa = PBXGroup;
			children = (
				604A5E97126345D300705440 /* Views */,
				607F5F8312427E51003BC2E8 /* TickifierAppDelegate.h */,
				607F5F8412427E51003BC2E8 /* TickifierAppDelegate.m */,
				60554E64124291E90071A103 /* Controllers */,
				60554E4B124291B50071A103 /* Models */,
			);
			path = Classes;
			sourceTree = "<group>";
		};
		607F5F6A12427E51003BC2E8 /* Other Sources */ = {
			isa = PBXGroup;
			children = (
				6074E9F9126B6EC300E134B7 /* OSStartupController.h */,
				6074E9FA126B6EC300E134B7 /* OSStartupController.m */,
				600FEE2612BE4BA700043BE8 /* UAGithubEngine */,
				60E8A318126390E9004D1814 /* AMCollection */,
				609661F112466BE4006C7E28 /* HotKey */,
				60966051124551D7006C7E28 /* Seriously */,
				607F5F7712427E51003BC2E8 /* Tickifier_Prefix.pch */,
				607F5F7B12427E51003BC2E8 /* main.m */,
			);
			name = "Other Sources";
			sourceTree = "<group>";
		};
		607F5F6B12427E51003BC2E8 /* Resources */ = {
			isa = PBXGroup;
			children = (
				604A5DAF126116F900705440 /* Images */,
				607F5F7612427E51003BC2E8 /* Tickifier-Info.plist */,
				607F5F7812427E51003BC2E8 /* InfoPlist.strings */,
				607F5F7D12427E51003BC2E8 /* MainMenu.xib */,
				607F5F8012427E51003BC2E8 /* Credits.rtf */,
			);
			name = Resources;
			sourceTree = "<group>";
		};
		607F5F6C12427E51003BC2E8 /* Frameworks */ = {
			isa = PBXGroup;
			children = (
				6053D28112AAD23E009F7CEC /* Growl.framework */,
				607F5FDC12428852003BC2E8 /* SystemConfiguration.framework */,
				607F5FD912428816003BC2E8 /* Security.framework */,
				60554E2E12428FED0071A103 /* libz.dylib */,
				607F5F7412427E51003BC2E8 /* Cocoa.framework */,
			);
			name = Frameworks;
			sourceTree = "<group>";
		};
		607F5F7212427E51003BC2E8 /* Products */ = {
			isa = PBXGroup;
			children = (
				607F5F7112427E51003BC2E8 /* Tickifier.app */,
			);
			name = Products;
			sourceTree = "<group>";
		};
		60966051124551D7006C7E28 /* Seriously */ = {
			isa = PBXGroup;
			children = (
				607F5FF012428F07003BC2E8 /* Seriously.h */,
				607F5FF112428F07003BC2E8 /* Seriously.m */,
				607F5FF212428F07003BC2E8 /* SeriouslyConstants.h */,
				607F5FF312428F07003BC2E8 /* SeriouslyOperation.h */,
				607F5FF412428F07003BC2E8 /* SeriouslyOperation.m */,
			);
			name = Seriously;
			sourceTree = "<group>";
		};
		609661F112466BE4006C7E28 /* HotKey */ = {
			isa = PBXGroup;
			children = (
				609661F212466BE4006C7E28 /* PTHotKey.h */,
				609661F312466BE4006C7E28 /* PTHotKey.m */,
				609661F412466BE4006C7E28 /* PTHotKeyCenter.h */,
				609661F512466BE4006C7E28 /* PTHotKeyCenter.m */,
				609661F612466BE4006C7E28 /* PTKeyCodeTranslator.h */,
				609661F712466BE4006C7E28 /* PTKeyCodeTranslator.m */,
				609661F812466BE4006C7E28 /* PTKeyCombo.h */,
				609661F912466BE4006C7E28 /* PTKeyCombo.m */,
			);
			path = HotKey;
			sourceTree = "<group>";
		};
		60E8A318126390E9004D1814 /* AMCollection */ = {
			isa = PBXGroup;
			children = (
				60E8A319126390F6004D1814 /* AMCollectionView.h */,
				60E8A31A126390F6004D1814 /* AMCollectionView.m */,
				60E8A31B126390F6004D1814 /* AMCollectionViewItem.h */,
				60E8A31C126390F6004D1814 /* AMCollectionViewItem.m */,
				60E8A31D126390F6004D1814 /* AMCollectionViewItemProtocol.h */,
			);
			name = AMCollection;
			sourceTree = "<group>";
		};
/* End PBXGroup section */

/* Begin PBXNativeTarget section */
		607F5F7012427E51003BC2E8 /* Tickifier */ = {
			isa = PBXNativeTarget;
			buildConfigurationList = 607F5F8812427E51003BC2E8 /* Build configuration list for PBXNativeTarget "Tickifier" */;
			buildPhases = (
				607F5F6D12427E51003BC2E8 /* Sources */,
				607F5F6E12427E51003BC2E8 /* Frameworks */,
				607F5F6F12427E51003BC2E8 /* Resources */,
				607F5FE712428BBB003BC2E8 /* Move Frameworks */,
			);
			buildRules = (
			);
			dependencies = (
				60451576125CF8FC009D0824 /* PBXTargetDependency */,
				6045158A125CF92F009D0824 /* PBXTargetDependency */,
			);
			name = Tickifier;
			productName = Tickifier;
			productReference = 607F5F7112427E51003BC2E8 /* Tickifier.app */;
			productType = "com.apple.product-type.application";
		};
/* End PBXNativeTarget section */

/* Begin PBXProject section */
		607F5F6412427E50003BC2E8 /* Project object */ = {
			isa = PBXProject;
			attributes = {
				ORGANIZATIONNAME = "http://www.ortatherox.com";
			};
			buildConfigurationList = 607F5F6712427E50003BC2E8 /* Build configuration list for PBXProject "Tickifier" */;
			compatibilityVersion = "Xcode 3.2";
			developmentRegion = English;
			hasScannedForEncodings = 0;
			knownRegions = (
				en,
			);
			mainGroup = 607F5F6212427E50003BC2E8;
			productRefGroup = 607F5F7212427E51003BC2E8 /* Products */;
			projectDirPath = "";
			projectReferences = (
				{
					ProductGroup = 6045157D125CF921009D0824 /* Products */;
					ProjectRef = 6045157C125CF921009D0824 /* BWToolkit.xcodeproj */;
				},
				{
					ProductGroup = 6045134E125CDBA5009D0824 /* Products */;
					ProjectRef = 60451333125CDB9D009D0824 /* ShortcutRecorder.xcodeproj */;
				},
			);
			projectRoot = "";
			targets = (
				607F5F7012427E51003BC2E8 /* Tickifier */,
			);
		};
/* End PBXProject section */

/* Begin PBXReferenceProxy section */
		60451357125CDBA5009D0824 /* ShortcutRecorder.framework */ = {
			isa = PBXReferenceProxy;
			fileType = wrapper.framework;
			path = ShortcutRecorder.framework;
			remoteRef = 60451356125CDBA5009D0824 /* PBXContainerItemProxy */;
			sourceTree = BUILT_PRODUCTS_DIR;
		};
		60451359125CDBA5009D0824 /* ShortcutRecorder.ibplugin */ = {
			isa = PBXReferenceProxy;
			fileType = wrapper.cfbundle;
			path = ShortcutRecorder.ibplugin;
			remoteRef = 60451358125CDBA5009D0824 /* PBXContainerItemProxy */;
			sourceTree = BUILT_PRODUCTS_DIR;
		};
		6045135B125CDBA5009D0824 /* ShortcutRecorder.app */ = {
			isa = PBXReferenceProxy;
			fileType = wrapper.application;
			path = ShortcutRecorder.app;
			remoteRef = 6045135A125CDBA5009D0824 /* PBXContainerItemProxy */;
			sourceTree = BUILT_PRODUCTS_DIR;
		};
		6045135D125CDBA5009D0824 /* ShortcutRecorder.ibplugin */ = {
			isa = PBXReferenceProxy;
			fileType = wrapper.cfbundle;
			path = ShortcutRecorder.ibplugin;
			remoteRef = 6045135C125CDBA5009D0824 /* PBXContainerItemProxy */;
			sourceTree = BUILT_PRODUCTS_DIR;
		};
		6045135F125CDBA5009D0824 /* ShortcutRecorder.framework */ = {
			isa = PBXReferenceProxy;
			fileType = wrapper.framework;
			path = ShortcutRecorder.framework;
			remoteRef = 6045135E125CDBA5009D0824 /* PBXContainerItemProxy */;
			sourceTree = BUILT_PRODUCTS_DIR;
		};
		60451586125CF921009D0824 /* BWToolkit.ibplugin */ = {
			isa = PBXReferenceProxy;
			fileType = wrapper.cfbundle;
			path = BWToolkit.ibplugin;
			remoteRef = 60451585125CF921009D0824 /* PBXContainerItemProxy */;
			sourceTree = BUILT_PRODUCTS_DIR;
		};
		60451588125CF921009D0824 /* BWToolkitFramework.framework */ = {
			isa = PBXReferenceProxy;
			fileType = wrapper.framework;
			path = BWToolkitFramework.framework;
			remoteRef = 60451587125CF921009D0824 /* PBXContainerItemProxy */;
			sourceTree = BUILT_PRODUCTS_DIR;
		};
/* End PBXReferenceProxy section */

/* Begin PBXResourcesBuildPhase section */
		607F5F6F12427E51003BC2E8 /* Resources */ = {
			isa = PBXResourcesBuildPhase;
			buildActionMask = 2147483647;
			files = (
				607F5F7A12427E51003BC2E8 /* InfoPlist.strings in Resources */,
				607F5F7F12427E51003BC2E8 /* MainMenu.xib in Resources */,
				607F5F8212427E51003BC2E8 /* Credits.rtf in Resources */,
				607F5F97124281BE003BC2E8 /* IDEAS in Resources */,
				6099805E124BD51E006AA575 /* tab.png in Resources */,
				604A5DB71261170800705440 /* icon-ok-comment-hover.png in Resources */,
				604A5DB81261170800705440 /* icon-ok-comment.png in Resources */,
				604A5DB91261170800705440 /* icon-ok-delete-hover.png in Resources */,
				604A5DBA1261170800705440 /* icon-ok-delete.png in Resources */,
				604A5DBB1261170800705440 /* icon-ok-hover.png in Resources */,
				604A5DBC1261170800705440 /* icon-ok.png in Resources */,
				604A5DBE1261189F00705440 /* key-labels.png in Resources */,
			);
			runOnlyForDeploymentPostprocessing = 0;
		};
/* End PBXResourcesBuildPhase section */

/* Begin PBXSourcesBuildPhase section */
		607F5F6D12427E51003BC2E8 /* Sources */ = {
			isa = PBXSourcesBuildPhase;
			buildActionMask = 2147483647;
			files = (
				607F5F7C12427E51003BC2E8 /* main.m in Sources */,
				607F5F8512427E51003BC2E8 /* TickifierAppDelegate.m in Sources */,
				607F5F9A12428390003BC2E8 /* ServerController.m in Sources */,
				607F5FF512428F07003BC2E8 /* Seriously.m in Sources */,
				607F5FF612428F07003BC2E8 /* SeriouslyOperation.m in Sources */,
				60554E4A124291B20071A103 /* Ticket.m in Sources */,
				60554EBE124368B40071A103 /* LighthouseEntity.m in Sources */,
				609661FA12466BE4006C7E28 /* PTHotKey.m in Sources */,
				609661FB12466BE4006C7E28 /* PTHotKeyCenter.m in Sources */,
				609661FC12466BE4006C7E28 /* PTKeyCodeTranslator.m in Sources */,
				609661FD12466BE4006C7E28 /* PTKeyCombo.m in Sources */,
				609662FD12468302006C7E28 /* AppViewController.m in Sources */,
				6034C7221263471F0029D2CD /* ORBackwardsScrollView.m in Sources */,
				6034C7BC12635BCF0029D2CD /* ORTransparentDarkScroller.m in Sources */,
				60E8A31E126390F6004D1814 /* AMCollectionView.m in Sources */,
				60E8A31F126390F6004D1814 /* AMCollectionViewItem.m in Sources */,
				60E8A5B71265107B004D1814 /* Server.m in Sources */,
				6074E8F7126B33E100E134B7 /* LighthouseMixer.m in Sources */,
				6074E9FB126B6EC300E134B7 /* OSStartupController.m in Sources */,
				6053D28C12AAD3CF009F7CEC /* GrowlController.m in Sources */,
				6053D38012AAE7D2009F7CEC /* TColumnView.m in Sources */,
				6053D39312AAEAFC009F7CEC /* TicketItemView.m in Sources */,
				6053D39612AAEEC8009F7CEC /* TicketsViewController.m in Sources */,
				600FEDF812BE4ADD00043BE8 /* GitHubIssuesMixer.m in Sources */,
				600FEE5D12BE4BBA00043BE8 /* UAGithubEngine.m in Sources */,
				600FEE5E12BE4BBA00043BE8 /* UAGithubURLConnection.m in Sources */,
				600FEE5F12BE4BBA00043BE8 /* NSData+Base64.m in Sources */,
				600FEE6012BE4BBA00043BE8 /* NSString+UAGithubEngineUtilities.m in Sources */,
				600FEE6112BE4BBA00043BE8 /* NSString+UUID.m in Sources */,
				600FEE6212BE4BBA00043BE8 /* NSArray+Utilities.m in Sources */,
				600FEE6312BE4BBA00043BE8 /* CDataScanner.m in Sources */,
				600FEE6412BE4BBA00043BE8 /* CDataScanner_Extensions.m in Sources */,
				600FEE6512BE4BBA00043BE8 /* NSCharacterSet_Extensions.m in Sources */,
				600FEE6612BE4BBA00043BE8 /* NSDictionary_JSONExtensions.m in Sources */,
				600FEE6712BE4BBA00043BE8 /* NSScanner_Extensions.m in Sources */,
				600FEE6812BE4BBA00043BE8 /* CJSONDataSerializer.m in Sources */,
				600FEE6912BE4BBA00043BE8 /* CJSONDeserializer.m in Sources */,
				600FEE6A12BE4BBA00043BE8 /* CJSONScanner.m in Sources */,
				600FEE6B12BE4BBA00043BE8 /* CJSONSerializer.m in Sources */,
				600FEE6C12BE4BBA00043BE8 /* CSerializedJSONData.m in Sources */,
				600FEE6D12BE4BBA00043BE8 /* UAGithubJSONParser.m in Sources */,
				600FEE6E12BE4BBA00043BE8 /* UAGithubSimpleJSONParser.m in Sources */,
				600FEE6F12BE4BBA00043BE8 /* UAGithubUsersJSONParser.m in Sources */,
				600FEE7012BE4BBA00043BE8 /* UAGithubRepositoriesJSONParser.m in Sources */,
				600FEE7112BE4BBA00043BE8 /* UAGithubCommitsJSONParser.m in Sources */,
				600FEE7212BE4BBA00043BE8 /* UAGithubIssuesJSONParser.m in Sources */,
				600FEE7312BE4BBA00043BE8 /* UAGithubIssueCommentsJSONParser.m in Sources */,
			);
			runOnlyForDeploymentPostprocessing = 0;
		};
/* End PBXSourcesBuildPhase section */

/* Begin PBXTargetDependency section */
		60451576125CF8FC009D0824 /* PBXTargetDependency */ = {
			isa = PBXTargetDependency;
			name = "ShortcutRecorder.framework - with embedded ibplugin";
			targetProxy = 60451575125CF8FC009D0824 /* PBXContainerItemProxy */;
		};
		6045158A125CF92F009D0824 /* PBXTargetDependency */ = {
			isa = PBXTargetDependency;
			name = All;
			targetProxy = 60451589125CF92F009D0824 /* PBXContainerItemProxy */;
		};
/* End PBXTargetDependency section */

/* Begin PBXVariantGroup section */
		607F5F7812427E51003BC2E8 /* InfoPlist.strings */ = {
			isa = PBXVariantGroup;
			children = (
				607F5F7912427E51003BC2E8 /* en */,
			);
			name = InfoPlist.strings;
			sourceTree = "<group>";
		};
		607F5F7D12427E51003BC2E8 /* MainMenu.xib */ = {
			isa = PBXVariantGroup;
			children = (
				607F5F7E12427E51003BC2E8 /* en */,
			);
			name = MainMenu.xib;
			sourceTree = "<group>";
		};
		607F5F8012427E51003BC2E8 /* Credits.rtf */ = {
			isa = PBXVariantGroup;
			children = (
				607F5F8112427E51003BC2E8 /* en */,
			);
			name = Credits.rtf;
			sourceTree = "<group>";
		};
/* End PBXVariantGroup section */

/* Begin XCBuildConfiguration section */
		607F5F8612427E51003BC2E8 /* Debug */ = {
			isa = XCBuildConfiguration;
			buildSettings = {
				ARCHS = "$(ARCHS_STANDARD_32_64_BIT)";
				GCC_C_LANGUAGE_STANDARD = gnu99;
				GCC_ENABLE_OBJC_GC = required;
				GCC_OPTIMIZATION_LEVEL = 0;
				GCC_PREPROCESSOR_DEFINITIONS = DEBUG;
				GCC_VERSION = com.apple.compilers.llvm.clang.1_0;
				GCC_WARN_ABOUT_RETURN_TYPE = YES;
				GCC_WARN_UNUSED_VARIABLE = YES;
				MACOSX_DEPLOYMENT_TARGET = 10.6;
				ONLY_ACTIVE_ARCH = YES;
				PREBINDING = NO;
				SDKROOT = macosx10.6;
			};
			name = Debug;
		};
		607F5F8712427E51003BC2E8 /* Release */ = {
			isa = XCBuildConfiguration;
			buildSettings = {
				ARCHS = "$(ARCHS_STANDARD_32_64_BIT)";
				GCC_C_LANGUAGE_STANDARD = gnu99;
				GCC_ENABLE_OBJC_GC = required;
				GCC_VERSION = com.apple.compilers.llvm.clang.1_0;
				GCC_WARN_ABOUT_RETURN_TYPE = YES;
				GCC_WARN_UNUSED_VARIABLE = YES;
				MACOSX_DEPLOYMENT_TARGET = 10.6;
				PREBINDING = NO;
				SDKROOT = macosx10.6;
			};
			name = Release;
		};
		607F5F8912427E51003BC2E8 /* Debug */ = {
			isa = XCBuildConfiguration;
			buildSettings = {
				ALWAYS_SEARCH_USER_PATHS = NO;
				COPY_PHASE_STRIP = NO;
				FRAMEWORK_SEARCH_PATHS = (
					"$(inherited)",
					"\"$(SRCROOT)\"",
				);
				GCC_DYNAMIC_NO_PIC = NO;
				GCC_ENABLE_OBJC_EXCEPTIONS = YES;
				GCC_MODEL_TUNING = G5;
				GCC_PRECOMPILE_PREFIX_HEADER = YES;
				GCC_PREFIX_HEADER = Tickifier_Prefix.pch;
				GCC_VERSION = "";
				INFOPLIST_FILE = "Tickifier-Info.plist";
				INSTALL_PATH = "$(HOME)/Applications";
				LIBRARY_SEARCH_PATHS = (
					"$(inherited)",
					"\"$(SRCROOT)\"",
				);
				PRODUCT_NAME = Tickifier;
				WRAPPER_EXTENSION = app;
			};
			name = Debug;
		};
		607F5F8A12427E51003BC2E8 /* Release */ = {
			isa = XCBuildConfiguration;
			buildSettings = {
				ALWAYS_SEARCH_USER_PATHS = NO;
				COPY_PHASE_STRIP = YES;
				DEBUG_INFORMATION_FORMAT = "dwarf-with-dsym";
				FRAMEWORK_SEARCH_PATHS = (
					"$(inherited)",
					"\"$(SRCROOT)\"",
				);
				GCC_ENABLE_OBJC_EXCEPTIONS = YES;
				GCC_MODEL_TUNING = G5;
				GCC_PRECOMPILE_PREFIX_HEADER = YES;
				GCC_PREFIX_HEADER = Tickifier_Prefix.pch;
				GCC_VERSION = "";
				INFOPLIST_FILE = "Tickifier-Info.plist";
				INSTALL_PATH = "$(HOME)/Applications";
				LIBRARY_SEARCH_PATHS = (
					"$(inherited)",
					"\"$(SRCROOT)\"",
				);
				PRODUCT_NAME = Tickifier;
				WRAPPER_EXTENSION = app;
			};
			name = Release;
		};
/* End XCBuildConfiguration section */

/* Begin XCConfigurationList section */
		607F5F6712427E50003BC2E8 /* Build configuration list for PBXProject "Tickifier" */ = {
			isa = XCConfigurationList;
			buildConfigurations = (
				607F5F8612427E51003BC2E8 /* Debug */,
				607F5F8712427E51003BC2E8 /* Release */,
			);
			defaultConfigurationIsVisible = 0;
			defaultConfigurationName = Release;
		};
		607F5F8812427E51003BC2E8 /* Build configuration list for PBXNativeTarget "Tickifier" */ = {
			isa = XCConfigurationList;
			buildConfigurations = (
				607F5F8912427E51003BC2E8 /* Debug */,
				607F5F8A12427E51003BC2E8 /* Release */,
			);
			defaultConfigurationIsVisible = 0;
			defaultConfigurationName = Release;
		};
/* End XCConfigurationList section */
	};
	rootObject = 607F5F6412427E50003BC2E8 /* Project object */;
}
